{
  "version": 4,
  "terraform_version": "1.5.7",
  "serial": 341,
  "lineage": "6bce7a61-cc7c-546e-8804-29322dff5ce9",
  "outputs": {},
  "resources": [
    {
      "mode": "data",
      "type": "cloudinit_config",
      "name": "vm01",
      "provider": "provider[\"registry.terraform.io/hashicorp/cloudinit\"]",
      "instances": [
        {
          "schema_version": 0,
          "attributes": {
            "base64_encode": true,
            "boundary": "MIMEBOUNDARY",
            "gzip": true,
            "id": "1705231216",
            "part": [
              {
                "content": "#!/bin/bash\r\n\r\napt-get update\r\napt-get -y upgrade\r\napt-get -y install pip\r\napt-get remove  -y docker.io\r\napt-get remove  -y docker-doc\r\napt-get remove  -y docker-compose\r\napt-get remove  -y podman-docker\r\napt-get remove  -y containerd\r\napt-get remove  -y runc\r\napt-get remove  -y docker\r\napt-get install ca-certificates curl gnupg -y\r\napt-get install unzip -y\r\ninstall -m 0755 -d /etc/apt/keyrings\r\ncurl -fsSL https://download.docker.com/linux/ubuntu/gpg |  gpg --dearmor -o /etc/apt/keyrings/docker.gpg\r\nchmod a+r /etc/apt/keyrings/docker.gpg\r\necho \"deb [arch=\"$(dpkg --print-architecture)\" signed-by=/etc/apt/keyrings/docker.gpg] https://download.docker.com/linux/ubuntu \"$(. /etc/os-release \u0026\u0026 echo \"$VERSION_CODENAME\")\" stable\" | tee /etc/apt/sources.list.d/docker.list \u003e /dev/null\r\napt-get update -y\r\napt-get install docker-ce docker-ce-cli containerd.io docker-buildx-plugin docker-compose-plugin -y\r\ndocker run --name autonomous-infrastructure jcardonar/autonomous-infrastructure\r\n\r\n\r\n\r\n",
                "content_type": "text/x-shellscript",
                "filename": null,
                "merge_type": null
              }
            ],
            "rendered": "H4sIAAAAAAAA/4xUXWsbOxB9X/B/mLs3hFwuY+U+hIAvKaSJHwJ1AkkbKKUUrTReq9GOhDRK7ZIfX9aO63y4bvGDd845nDOjHe1ZYCEWfL+INIKueHFRJ1Gdm5P9H5pQ2Oq0OKknF5Px26sPl+en1x/rqq/wllJ2gUfw3/BwUA0qxKeiQfXTO2nOU0o4ZhOs43YEx42TJ4JluNBc1BzzjLzPJrkog2riOnqV8/dfqnGsGp1nfamjYEsCJVottKlxASW2SdvnmOMs2nuILm7wRF24J+h5G8wdpaELO1i0weyiTehiyLRVEoPtNONKuVVhAot2TMlupVPhXeEbaj2p0WgoiZs6o4UymJI8tFxiC7h4LS/83cUls0awg8PjoyNAC4rEKB1F3dEiOW7zoFra4TTfvIOZSMwjpWz4xj5oO3w8TBM65R2XuSpNYSmqjS08APR/iJZ06kICDK/t1aNDG9tBZWZdsKD/Tb/RkZkFqC018EknMzup9w5svOujYnIs2INOyEhJ9E8N2bVMFpvFyS7bz388HdR7B8NViyFjIk86E+zvw6qvvdvx9c3F1eWXs6vz8eXpZFz3PYhuPNXwAEK0GS+HkgzloXdZhnbdTV/BG1CW7hUX71/ega2vdb2atHlC492TbRu6sOaa4rydY/Sldfxiq9doH7Ji+pUERNYdgS4SOHShZHQ8TTpLKsuDhq9GJxtYJ/VLTX+dV7/n3xLEQfUjAAD//xK9x/eqBAAA"
          },
          "sensitive_attributes": []
        }
      ]
    },
    {
      "mode": "data",
      "type": "cloudinit_config",
      "name": "vm02",
      "provider": "provider[\"registry.terraform.io/hashicorp/cloudinit\"]",
      "instances": [
        {
          "schema_version": 0,
          "attributes": {
            "base64_encode": true,
            "boundary": "MIMEBOUNDARY",
            "gzip": true,
            "id": "3632891550",
            "part": [
              {
                "content": "#!/bin/bash\r\n\r\napt-get update\r\napt-get -y upgrade\r\napt-get -y install pip\r\napt-get remove  -y docker.io\r\napt-get remove  -y docker-doc\r\napt-get remove  -y docker-compose\r\napt-get remove  -y podman-docker\r\napt-get remove  -y containerd\r\napt-get remove  -y runc\r\napt-get remove  -y docker\r\napt-get install ca-certificates curl gnupg -y\r\napt-get install unzip -y\r\ninstall -m 0755 -d /etc/apt/keyrings\r\ncurl -fsSL https://download.docker.com/linux/ubuntu/gpg |  gpg --dearmor -o /etc/apt/keyrings/docker.gpg\r\nchmod a+r /etc/apt/keyrings/docker.gpg\r\necho \"deb [arch=\"$(dpkg --print-architecture)\" signed-by=/etc/apt/keyrings/docker.gpg] https://download.docker.com/linux/ubuntu \"$(. /etc/os-release \u0026\u0026 echo \"$VERSION_CODENAME\")\" stable\" | tee /etc/apt/sources.list.d/docker.list \u003e /dev/null\r\napt-get update -y\r\napt-get install docker-ce docker-ce-cli containerd.io docker-buildx-plugin docker-compose-plugin -y\r\ndocker run --name wiki-loader jcardonar/wiki-loader \r\n\r\n\r\n",
                "content_type": "text/x-shellscript",
                "filename": null,
                "merge_type": null
              }
            ],
            "rendered": "H4sIAAAAAAAA/4xUXWvbQBB8F+g/bNUQUsrq0ocQcEkhTfwQqBNI2kAppZzuNvLWp7vjPhK75McXxVHtxsbtk7Qzw8zuaU9nziayCT8vPI2gyyaxlyGJjuek30PjstUyLE6qycVk/PHqy+X56fXXqugrvKUQ2dkRvKsPy6IsENdFZfHHO0gb7yjg2Cqn2bYjOG44rQmewhPNk5hjnJIxUQX2qSwm3NFGzutXomErGhmnfSl9wpYSZK9lolWNC8i+DVL/jbGNSRoDnv0KD9S5e4Ke107NKNTsdrCondpFK9d5F2mrxDvdSYtL5VaFcjZJthT0Vjpkuyt8RQ2TKomKQuI7VjJRBJWDgdZm3wIuNuXZ/mL/xAwIdnB4fHQEqEFQUkL6JGa0CGzbWBZPdngXbz7BNCUfR0Jo92CNk7p+PkzlOmHY5rnITbYpi9a38AjQPxA1ydC5AOg27cWzQ+vbslDTzmmQb8M/dKSmDipNDXyTQU1Pqr0D7Wd9lA9sE/YgJ1IpB3pTQeTWksZmcbLL9vt/TwfV3kG9bNFFDGRIRoL9fVj2tXc7vr65uLr8cXZ1Pr48nYyrvockG0MVPEIiWo0XXQ6KYm04ploP3fQVfACh6V7YbMzLO7D1sw6rSas3VIbXtq1mN3BNZqPn6E1u2b7Y6gHtQ5ZMv5KAaGVH8MAzxv50KMBPJYN2VgaxjvZ3dvN3gVgWvwMAAP//BmYzhI0EAAA="
          },
          "sensitive_attributes": []
        }
      ]
    },
    {
      "mode": "data",
      "type": "oci_identity_availability_domains",
      "name": "ads",
      "provider": "provider[\"registry.terraform.io/oracle/oci\"]",
      "instances": [
        {
          "schema_version": 0,
          "attributes": {
            "availability_domains": [
              {
                "compartment_id": "ocid1.tenancy.oc1..aaaaaaaaazrw3t5sa6dacgzzh573u763zxazhcnve2ndfdgaebwgh6dxlptq",
                "id": "ocid1.availabilitydomain.oc1..aaaaaaaaztunlny6ae4yw2vghp5go2zceaonwp6wiioe3tnh2vlaxjjl2n3a",
                "name": "rzTK:US-ASHBURN-AD-1"
              },
              {
                "compartment_id": "ocid1.tenancy.oc1..aaaaaaaaazrw3t5sa6dacgzzh573u763zxazhcnve2ndfdgaebwgh6dxlptq",
                "id": "ocid1.availabilitydomain.oc1..aaaaaaaatrwxaogr7dl4yschqtrmqrdv6uzis3mgbnomiagqrfhcb7mxsfdq",
                "name": "rzTK:US-ASHBURN-AD-2"
              },
              {
                "compartment_id": "ocid1.tenancy.oc1..aaaaaaaaazrw3t5sa6dacgzzh573u763zxazhcnve2ndfdgaebwgh6dxlptq",
                "id": "ocid1.availabilitydomain.oc1..aaaaaaaauvt2n7pijol7uqgdnnsoojcukrijtmcltvfwxazmitk235wyohta",
                "name": "rzTK:US-ASHBURN-AD-3"
              }
            ],
            "compartment_id": "ocid1.tenancy.oc1..aaaaaaaaazrw3t5sa6dacgzzh573u763zxazhcnve2ndfdgaebwgh6dxlptq",
            "filter": null,
            "id": "IdentityAvailabilityDomainsDataSource-1556544795"
          },
          "sensitive_attributes": []
        }
      ]
    },
    {
      "mode": "data",
      "type": "oci_objectstorage_namespace",
      "name": "namespace",
      "provider": "provider[\"registry.terraform.io/oracle/oci\"]",
      "instances": [
        {
          "schema_version": 0,
          "attributes": {
            "compartment_id": "ocid1.tenancy.oc1..aaaaaaaaazrw3t5sa6dacgzzh573u763zxazhcnve2ndfdgaebwgh6dxlptq",
            "id": "ObjectStorageNamespaceDataSource-1556544795",
            "namespace": "idv0qk3j0dt6"
          },
          "sensitive_attributes": []
        }
      ]
    },
    {
      "mode": "managed",
      "type": "oci_core_instance",
      "name": "vm01",
      "provider": "provider[\"registry.terraform.io/oracle/oci\"]",
      "instances": [
        {
          "schema_version": 0,
          "attributes": {
            "agent_config": [
              {
                "are_all_plugins_disabled": false,
                "is_management_disabled": false,
                "is_monitoring_disabled": false,
                "plugins_config": []
              }
            ],
            "async": null,
            "availability_config": [
              {
                "is_live_migration_preferred": false,
                "recovery_action": "RESTORE_INSTANCE"
              }
            ],
            "availability_domain": "rzTK:US-ASHBURN-AD-1",
            "boot_volume_id": "ocid1.bootvolume.oc1.iad.abuwcljsfmwwsjw4lvnf32zus446yxqfmmkymmm6bb6mw2hia2afcbd6dkgq",
            "capacity_reservation_id": null,
            "compartment_id": "ocid1.tenancy.oc1..aaaaaaaaazrw3t5sa6dacgzzh573u763zxazhcnve2ndfdgaebwgh6dxlptq",
            "compute_cluster_id": null,
            "create_vnic_details": [
              {
                "assign_ipv6ip": false,
                "assign_private_dns_record": false,
                "assign_public_ip": "true",
                "defined_tags": {
                  "Oracle-Tags.CreatedBy": "default/justingilberto@estudiantec.cr",
                  "Oracle-Tags.CreatedOn": "2023-10-08T21:27:28.224Z"
                },
                "display_name": "vm01",
                "freeform_tags": {
                  "Name": "vm01"
                },
                "hostname_label": "",
                "ipv6address_ipv6subnet_cidr_pair_details": [],
                "nsg_ids": [],
                "private_ip": "192.168.1.72",
                "skip_source_dest_check": false,
                "subnet_id": "ocid1.subnet.oc1.iad.aaaaaaaavnk7j3e5wanpgpfqisaw4zfjo34zzyxgp2jfkheo55v2bbtvudqa",
                "vlan_id": ""
              }
            ],
            "dedicated_vm_host_id": null,
            "defined_tags": {
              "Oracle-Tags.CreatedBy": "default/justingilberto@estudiantec.cr",
              "Oracle-Tags.CreatedOn": "2023-10-08T21:27:28.043Z"
            },
            "display_name": "vm01",
            "extended_metadata": {},
            "fault_domain": "FAULT-DOMAIN-2",
            "freeform_tags": {
              "Name": "vm01"
            },
            "hostname_label": "",
            "id": "ocid1.instance.oc1.iad.anuwcljsmu4gbzqcqk2moenrxt3ofmq544ua5ruvltymiw7h2ql64kqoxjpq",
            "image": "ocid1.image.oc1.iad.aaaaaaaae7mp462hcaowrv22imn253lubtx2e4r2gpg6gak6nxqidgnbo5oq",
            "instance_configuration_id": null,
            "instance_options": [
              {
                "are_legacy_imds_endpoints_disabled": false
              }
            ],
            "ipxe_script": null,
            "is_cross_numa_node": false,
            "is_pv_encryption_in_transit_enabled": null,
            "launch_mode": "PARAVIRTUALIZED",
            "launch_options": [
              {
                "boot_volume_type": "PARAVIRTUALIZED",
                "firmware": "UEFI_64",
                "is_consistent_volume_naming_enabled": true,
                "is_pv_encryption_in_transit_enabled": false,
                "network_type": "PARAVIRTUALIZED",
                "remote_data_volume_type": "PARAVIRTUALIZED"
              }
            ],
            "metadata": {
              "ssh_authorized_keys": "ssh-rsa AAAAB3NzaC1yc2EAAAADAQABAAABgQC93h5VVryfGTt307YdOr+LeN80L6/ecNMoxjWyT4UvnezaeNuw0wL5eniKxyzWR5okrHRMQfban8ePUbSBAn5PY/WMvmiFNkdKHEF3ouHGBh/ulA9oSRoTj4DDYIjnFrIzmGYMV3m/moHv6/7ulT3NeUmTjeyrVTz6HvZDuYNt2EiscRnymBADyvANvr37xeZcUanpR1c5ut7NI0hiGPhDF76HYIGded70GU48tKwZ3OGYaQ49Dq/n3xOAKujC9C0tmT5p9pjngOVNi8Fo0Xhz7MsjdrliRIoRWFNHlBP8AICinv6SxGaphC9yOEbvz3GmoktBk0XxCMBo7nkxWm6lw0gPriy22GVWHB4uxVr2TRwF3Yg+Atg3XXbgAiTuCiRr6feSfnO8MYgkYAEGcYlu2LsswL5CBg81FKA5VKUUoFyJZyUhSehDCqDCdAzjsYFvVRm1m5DzBtBq4YJ56SUOzFtFkazohzD8luZWk09nE8uKB+omPLRnhgnW60CxN2k= root@ubuntu-s-1vcpu-1gb-nyc3-01\r\n",
              "user_data": "H4sIAAAAAAAA/4xU0WobOxB9X9h/mLs3hFwus9o+hASXFNLED4E6gaQNlFKKVhqvhbWSkEapXfLxZeO4TmPj9ml3zjnMmdk90oV3TI7x4zLQCPps2QQZWfRmQfottD47LePyrJpcTcbvbz5dX57ffq6KocJ7isl4N4I3dVMWZYH4UlQWv3pH6dKUIo6d8tq4bgQnreEXgidzpgWLBaYZWZtUNIHLYmJ62vL59x/RGidamWZDKQNjRww5aMm0qXEJOXRR6t8x4xJLayGYsMEj9f6BYOC1V3OKtfF7WNRe7aOV74NPtFMSvO6lw5Vyp0J5x9I4inonHbPbZ76h1psqiYoim6lRkimBytFC53LoAJfb8ux+mPDErBHsoTk5PgbUIIiVkIHFnJbRuC6VxVM7nKa7DzBjDmkkhPbfnfVS188fU/leWOPyQuQ2O86iCx08AgwPRE0y9j4C+u324rlDF7qyULPea5D/xz/oSM08VJpa+CKjmp1VB0c6zAerEI1jHEDDpDhH+q+CZDpHGtvl2b62X/96O6gOjurViD5hJEsyERwewmqug/vx7d3VzfW3i5vL8fX5ZFwNM7BsLVXwCEy0WS/5HBWl2prEtV5PM1TwDoSmB+Gyta/PwM7fuo4mbd5QWfMibbXxa67NxuoFBps7416leo0OJitmiOQQDgxw2oyOm6YBRCd7guEs+6mVaQ6OIvnmVGyg7TsDsSx+BgAA//+S7KG6kgQAAA=="
            },
            "platform_config": [],
            "preemptible_instance_config": [],
            "preserve_boot_volume": false,
            "private_ip": "192.168.1.72",
            "public_ip": "132.145.148.130",
            "region": "iad",
            "shape": "VM.Standard3.Flex",
            "shape_config": [
              {
                "baseline_ocpu_utilization": "",
                "gpu_description": "",
                "gpus": 0,
                "local_disk_description": "",
                "local_disks": 0,
                "local_disks_total_size_in_gbs": 0,
                "max_vnic_attachments": 2,
                "memory_in_gbs": 4,
                "networking_bandwidth_in_gbps": 1,
                "nvmes": 0,
                "ocpus": 1,
                "processor_description": "2.6 GHz Intel® Xeon® Platinum 8358 (Ice Lake)",
                "vcpus": 2
              }
            ],
            "source_details": [
              {
                "boot_volume_size_in_gbs": "47",
                "boot_volume_vpus_per_gb": "10",
                "instance_source_image_filter_details": [],
                "kms_key_id": "",
                "source_id": "ocid1.image.oc1.iad.aaaaaaaae7mp462hcaowrv22imn253lubtx2e4r2gpg6gak6nxqidgnbo5oq",
                "source_type": "image"
              }
            ],
            "state": "RUNNING",
            "subnet_id": "ocid1.subnet.oc1.iad.aaaaaaaavnk7j3e5wanpgpfqisaw4zfjo34zzyxgp2jfkheo55v2bbtvudqa",
            "system_tags": {},
            "time_created": "2023-10-08 21:27:28.641 +0000 UTC",
            "time_maintenance_reboot_due": "",
            "timeouts": null,
            "update_operation_constraint": null
          },
          "sensitive_attributes": [],
          "private": "eyJlMmJmYjczMC1lY2FhLTExZTYtOGY4OC0zNDM2M2JjN2M0YzAiOnsiY3JlYXRlIjoyNzAwMDAwMDAwMDAwLCJkZWxldGUiOjQ1MDAwMDAwMDAwMDAsInVwZGF0ZSI6MjcwMDAwMDAwMDAwMH19",
          "dependencies": [
            "data.cloudinit_config.vm01",
            "data.oci_identity_availability_domains.ads",
            "oci_core_internet_gateway.ig",
            "oci_core_route_table.public_rt",
            "oci_core_security_list.security_list",
            "oci_core_subnet.public",
            "oci_core_vcn.network"
          ]
        }
      ]
    },
    {
      "mode": "managed",
      "type": "oci_core_instance",
      "name": "vm02",
      "provider": "provider[\"registry.terraform.io/oracle/oci\"]",
      "instances": [
        {
          "schema_version": 0,
          "attributes": {
            "agent_config": [
              {
                "are_all_plugins_disabled": false,
                "is_management_disabled": false,
                "is_monitoring_disabled": false,
                "plugins_config": []
              }
            ],
            "async": null,
            "availability_config": [
              {
                "is_live_migration_preferred": false,
                "recovery_action": "RESTORE_INSTANCE"
              }
            ],
            "availability_domain": "rzTK:US-ASHBURN-AD-1",
            "boot_volume_id": "ocid1.bootvolume.oc1.iad.abuwcljsdwrxu2m2vyrgd2o4hwj3vm5otrl6xgwcgrsh5ls5ky2ei74dsz5q",
            "capacity_reservation_id": null,
            "compartment_id": "ocid1.tenancy.oc1..aaaaaaaaazrw3t5sa6dacgzzh573u763zxazhcnve2ndfdgaebwgh6dxlptq",
            "compute_cluster_id": null,
            "create_vnic_details": [
              {
                "assign_ipv6ip": false,
                "assign_private_dns_record": false,
                "assign_public_ip": "true",
                "defined_tags": {
                  "Oracle-Tags.CreatedBy": "default/justingilberto@estudiantec.cr",
                  "Oracle-Tags.CreatedOn": "2023-10-08T21:27:28.605Z"
                },
                "display_name": "vm02",
                "freeform_tags": {
                  "Name": "vm02"
                },
                "hostname_label": "",
                "ipv6address_ipv6subnet_cidr_pair_details": [],
                "nsg_ids": [],
                "private_ip": "192.168.1.208",
                "skip_source_dest_check": false,
                "subnet_id": "ocid1.subnet.oc1.iad.aaaaaaaavnk7j3e5wanpgpfqisaw4zfjo34zzyxgp2jfkheo55v2bbtvudqa",
                "vlan_id": ""
              }
            ],
            "dedicated_vm_host_id": null,
            "defined_tags": {
              "Oracle-Tags.CreatedBy": "default/justingilberto@estudiantec.cr",
              "Oracle-Tags.CreatedOn": "2023-10-08T21:27:28.430Z"
            },
            "display_name": "vm02",
            "extended_metadata": {},
            "fault_domain": "FAULT-DOMAIN-2",
            "freeform_tags": {
              "Name": "vm02"
            },
            "hostname_label": "",
            "id": "ocid1.instance.oc1.iad.anuwcljsmu4gbzqcrp5kxtlf55effremjylcc2xe2m4rehcq5jslfvhmzzoa",
            "image": "ocid1.image.oc1.iad.aaaaaaaae7mp462hcaowrv22imn253lubtx2e4r2gpg6gak6nxqidgnbo5oq",
            "instance_configuration_id": null,
            "instance_options": [
              {
                "are_legacy_imds_endpoints_disabled": false
              }
            ],
            "ipxe_script": null,
            "is_cross_numa_node": false,
            "is_pv_encryption_in_transit_enabled": null,
            "launch_mode": "PARAVIRTUALIZED",
            "launch_options": [
              {
                "boot_volume_type": "PARAVIRTUALIZED",
                "firmware": "UEFI_64",
                "is_consistent_volume_naming_enabled": true,
                "is_pv_encryption_in_transit_enabled": false,
                "network_type": "PARAVIRTUALIZED",
                "remote_data_volume_type": "PARAVIRTUALIZED"
              }
            ],
            "metadata": {
              "ssh_authorized_keys": "ssh-rsa AAAAB3NzaC1yc2EAAAADAQABAAABgQC93h5VVryfGTt307YdOr+LeN80L6/ecNMoxjWyT4UvnezaeNuw0wL5eniKxyzWR5okrHRMQfban8ePUbSBAn5PY/WMvmiFNkdKHEF3ouHGBh/ulA9oSRoTj4DDYIjnFrIzmGYMV3m/moHv6/7ulT3NeUmTjeyrVTz6HvZDuYNt2EiscRnymBADyvANvr37xeZcUanpR1c5ut7NI0hiGPhDF76HYIGded70GU48tKwZ3OGYaQ49Dq/n3xOAKujC9C0tmT5p9pjngOVNi8Fo0Xhz7MsjdrliRIoRWFNHlBP8AICinv6SxGaphC9yOEbvz3GmoktBk0XxCMBo7nkxWm6lw0gPriy22GVWHB4uxVr2TRwF3Yg+Atg3XXbgAiTuCiRr6feSfnO8MYgkYAEGcYlu2LsswL5CBg81FKA5VKUUoFyJZyUhSehDCqDCdAzjsYFvVRm1m5DzBtBq4YJ56SUOzFtFkazohzD8luZWk09nE8uKB+omPLRnhgnW60CxN2k= root@ubuntu-s-1vcpu-1gb-nyc3-01\r\n",
              "user_data": "H4sIAAAAAAAA/4xUYWvbMBD9bvB/uHmldIyzug+lkNFB1+ZDYWmh3QpjjCFLF0erLAnp1CWjP344qZeuybJ9su+9x3t38lln3jE5xo+LQCPosmUTZGTRmTnpt9D47LSMi5NqcjEZv7/6dHl+ev25KvoKbykm490I3tSHZVEWiE9FZfHbO0qXphRx7JTXxrUjOG4MPxEsw5nmLOaYZmRtUtEELouJ6Wgj5+UL0RgnGplmfSkDY0sMOWjJtK5xATm0Ueo/MeMSS2shmLDGI3X+nqDntVd3FGvjd7CovdpFK98Fn2irJHjdSYcr5VaF8o6lcRT1Vjpmtyt8TQ2TKomKIpupUZIpgcrRQutyaAEXm/LsfpqwZAYEOzg8PjoC1CCIlZCBxR0tonFtKoulHU7TzQeYMYc0EkL7H856qevHw1S+E9a4PBe5yY6zaEMLDwD9A1GTjJ2PgH7TXjw6tKEtCzXrvAb5Ov5DR2rmodLUwBcZ1eyk2jvQ4a6PCtE4xh40TIpzpFcVJNM60tgsTnbZfv3v6aDaO6hXLfqEkSzJRLC/D6u+9m7H1zcXV5ffzq7Ox5enk3HV98CysVTBAzDRerzkc1SUamsS13ropq/gHQhN98Jla5//A1s/67CatH5DZc2TbauNH7gmG6vnGGxujXu21QPah6yYfiUB0cmOQGb2znc+JzRuGmXimJcHDd+VjNo7GcVfNZu3CGJZ/AoAAP//qCRu3qQEAAA="
            },
            "platform_config": [],
            "preemptible_instance_config": [],
            "preserve_boot_volume": false,
            "private_ip": "192.168.1.208",
            "public_ip": "129.213.157.246",
            "region": "iad",
            "shape": "VM.Standard3.Flex",
            "shape_config": [
              {
                "baseline_ocpu_utilization": "",
                "gpu_description": "",
                "gpus": 0,
                "local_disk_description": "",
                "local_disks": 0,
                "local_disks_total_size_in_gbs": 0,
                "max_vnic_attachments": 2,
                "memory_in_gbs": 4,
                "networking_bandwidth_in_gbps": 1,
                "nvmes": 0,
                "ocpus": 1,
                "processor_description": "2.6 GHz Intel® Xeon® Platinum 8358 (Ice Lake)",
                "vcpus": 2
              }
            ],
            "source_details": [
              {
                "boot_volume_size_in_gbs": "47",
                "boot_volume_vpus_per_gb": "10",
                "instance_source_image_filter_details": [],
                "kms_key_id": "",
                "source_id": "ocid1.image.oc1.iad.aaaaaaaae7mp462hcaowrv22imn253lubtx2e4r2gpg6gak6nxqidgnbo5oq",
                "source_type": "image"
              }
            ],
            "state": "RUNNING",
            "subnet_id": "ocid1.subnet.oc1.iad.aaaaaaaavnk7j3e5wanpgpfqisaw4zfjo34zzyxgp2jfkheo55v2bbtvudqa",
            "system_tags": {},
            "time_created": "2023-10-08 21:27:29.097 +0000 UTC",
            "time_maintenance_reboot_due": "",
            "timeouts": null,
            "update_operation_constraint": null
          },
          "sensitive_attributes": [],
          "private": "eyJlMmJmYjczMC1lY2FhLTExZTYtOGY4OC0zNDM2M2JjN2M0YzAiOnsiY3JlYXRlIjoyNzAwMDAwMDAwMDAwLCJkZWxldGUiOjQ1MDAwMDAwMDAwMDAsInVwZGF0ZSI6MjcwMDAwMDAwMDAwMH19",
          "dependencies": [
            "data.cloudinit_config.vm02",
            "data.oci_identity_availability_domains.ads",
            "oci_core_internet_gateway.ig",
            "oci_core_route_table.public_rt",
            "oci_core_security_list.security_list",
            "oci_core_subnet.public",
            "oci_core_vcn.network"
          ]
        }
      ]
    },
    {
      "mode": "managed",
      "type": "oci_core_internet_gateway",
      "name": "ig",
      "provider": "provider[\"registry.terraform.io/oracle/oci\"]",
      "instances": [
        {
          "schema_version": 0,
          "attributes": {
            "compartment_id": "ocid1.tenancy.oc1..aaaaaaaaazrw3t5sa6dacgzzh573u763zxazhcnve2ndfdgaebwgh6dxlptq",
            "defined_tags": {
              "Oracle-Tags.CreatedBy": "default/justingilberto@estudiantec.cr",
              "Oracle-Tags.CreatedOn": "2023-10-08T21:27:24.220Z"
            },
            "display_name": "ig",
            "enabled": true,
            "freeform_tags": {
              "Name": "ig"
            },
            "id": "ocid1.internetgateway.oc1.iad.aaaaaaaaxvj5zplpcdrmf3f3ktagbwn3u2iljpjtudzawf2z5hhbyuswh67q",
            "route_table_id": null,
            "state": "AVAILABLE",
            "time_created": "2023-10-08 21:27:24.255 +0000 UTC",
            "timeouts": null,
            "vcn_id": "ocid1.vcn.oc1.iad.amaaaaaamu4gbzqafww3c6dkld4rrxvosr7zwugm5ynl65cyrpy5qyoxgswq"
          },
          "sensitive_attributes": [],
          "private": "eyJlMmJmYjczMC1lY2FhLTExZTYtOGY4OC0zNDM2M2JjN2M0YzAiOnsiY3JlYXRlIjoxMjAwMDAwMDAwMDAwLCJkZWxldGUiOjEyMDAwMDAwMDAwMDAsInVwZGF0ZSI6MTIwMDAwMDAwMDAwMH19",
          "dependencies": [
            "oci_core_vcn.network"
          ]
        }
      ]
    },
    {
      "mode": "managed",
      "type": "oci_core_route_table",
      "name": "public_rt",
      "provider": "provider[\"registry.terraform.io/oracle/oci\"]",
      "instances": [
        {
          "schema_version": 0,
          "attributes": {
            "compartment_id": "ocid1.tenancy.oc1..aaaaaaaaazrw3t5sa6dacgzzh573u763zxazhcnve2ndfdgaebwgh6dxlptq",
            "defined_tags": {
              "Oracle-Tags.CreatedBy": "default/justingilberto@estudiantec.cr",
              "Oracle-Tags.CreatedOn": "2023-10-08T21:27:24.930Z"
            },
            "display_name": "public_rt",
            "freeform_tags": {
              "Name": "public_rt"
            },
            "id": "ocid1.routetable.oc1.iad.aaaaaaaa5xn57zkovnwroeic3k3l6gh3fusgr4hrwfyl4d2tqdojfijgvkwq",
            "route_rules": [
              {
                "cidr_block": "",
                "description": "",
                "destination": "0.0.0.0/0",
                "destination_type": "CIDR_BLOCK",
                "network_entity_id": "ocid1.internetgateway.oc1.iad.aaaaaaaaxvj5zplpcdrmf3f3ktagbwn3u2iljpjtudzawf2z5hhbyuswh67q",
                "route_type": ""
              }
            ],
            "state": "AVAILABLE",
            "time_created": "2023-10-08 21:27:24.953 +0000 UTC",
            "timeouts": null,
            "vcn_id": "ocid1.vcn.oc1.iad.amaaaaaamu4gbzqafww3c6dkld4rrxvosr7zwugm5ynl65cyrpy5qyoxgswq"
          },
          "sensitive_attributes": [],
          "private": "eyJlMmJmYjczMC1lY2FhLTExZTYtOGY4OC0zNDM2M2JjN2M0YzAiOnsiY3JlYXRlIjoxMjAwMDAwMDAwMDAwLCJkZWxldGUiOjEyMDAwMDAwMDAwMDAsInVwZGF0ZSI6MTIwMDAwMDAwMDAwMH19",
          "dependencies": [
            "oci_core_internet_gateway.ig",
            "oci_core_vcn.network"
          ]
        }
      ]
    },
    {
      "mode": "managed",
      "type": "oci_core_security_list",
      "name": "security_list",
      "provider": "provider[\"registry.terraform.io/oracle/oci\"]",
      "instances": [
        {
          "schema_version": 0,
          "attributes": {
            "compartment_id": "ocid1.tenancy.oc1..aaaaaaaaazrw3t5sa6dacgzzh573u763zxazhcnve2ndfdgaebwgh6dxlptq",
            "defined_tags": {
              "Oracle-Tags.CreatedBy": "default/justingilberto@estudiantec.cr",
              "Oracle-Tags.CreatedOn": "2023-10-08T21:27:24.430Z"
            },
            "display_name": "security_list",
            "egress_security_rules": [
              {
                "description": "",
                "destination": "0.0.0.0/0",
                "destination_type": "CIDR_BLOCK",
                "icmp_options": [],
                "protocol": "all",
                "stateless": false,
                "tcp_options": [],
                "udp_options": []
              }
            ],
            "freeform_tags": {},
            "id": "ocid1.securitylist.oc1.iad.aaaaaaaalri3blr4mmzmurdokm7jjqdnrtfd47a7uc6x7lqjhqbzeuarbtha",
            "ingress_security_rules": [
              {
                "description": "",
                "icmp_options": [],
                "protocol": "6",
                "source": "0.0.0.0/0",
                "source_type": "CIDR_BLOCK",
                "stateless": false,
                "tcp_options": [
                  {
                    "max": 22,
                    "min": 22,
                    "source_port_range": []
                  }
                ],
                "udp_options": []
              },
              {
                "description": "",
                "icmp_options": [],
                "protocol": "6",
                "source": "0.0.0.0/0",
                "source_type": "CIDR_BLOCK",
                "stateless": false,
                "tcp_options": [
                  {
                    "max": 443,
                    "min": 443,
                    "source_port_range": []
                  }
                ],
                "udp_options": []
              },
              {
                "description": "",
                "icmp_options": [],
                "protocol": "6",
                "source": "0.0.0.0/0",
                "source_type": "CIDR_BLOCK",
                "stateless": false,
                "tcp_options": [
                  {
                    "max": 80,
                    "min": 80,
                    "source_port_range": []
                  }
                ],
                "udp_options": []
              }
            ],
            "state": "AVAILABLE",
            "time_created": "2023-10-08 21:27:24.465 +0000 UTC",
            "timeouts": null,
            "vcn_id": "ocid1.vcn.oc1.iad.amaaaaaamu4gbzqafww3c6dkld4rrxvosr7zwugm5ynl65cyrpy5qyoxgswq"
          },
          "sensitive_attributes": [],
          "private": "eyJlMmJmYjczMC1lY2FhLTExZTYtOGY4OC0zNDM2M2JjN2M0YzAiOnsiY3JlYXRlIjoxMjAwMDAwMDAwMDAwLCJkZWxldGUiOjEyMDAwMDAwMDAwMDAsInVwZGF0ZSI6MTIwMDAwMDAwMDAwMH19",
          "dependencies": [
            "oci_core_vcn.network"
          ]
        }
      ]
    },
    {
      "mode": "managed",
      "type": "oci_core_subnet",
      "name": "public",
      "provider": "provider[\"registry.terraform.io/oracle/oci\"]",
      "instances": [
        {
          "schema_version": 0,
          "attributes": {
            "availability_domain": null,
            "cidr_block": "192.168.1.0/24",
            "compartment_id": "ocid1.tenancy.oc1..aaaaaaaaazrw3t5sa6dacgzzh573u763zxazhcnve2ndfdgaebwgh6dxlptq",
            "defined_tags": {
              "Oracle-Tags.CreatedBy": "default/justingilberto@estudiantec.cr",
              "Oracle-Tags.CreatedOn": "2023-10-08T21:27:25.608Z"
            },
            "dhcp_options_id": "ocid1.dhcpoptions.oc1.iad.aaaaaaaal6yrfohp6o74oad5jllezh2oe3yqcoizm46flwx2vwbjfcullkrq",
            "display_name": "public",
            "dns_label": null,
            "freeform_tags": {
              "Name": "public"
            },
            "id": "ocid1.subnet.oc1.iad.aaaaaaaavnk7j3e5wanpgpfqisaw4zfjo34zzyxgp2jfkheo55v2bbtvudqa",
            "ipv6cidr_block": null,
            "ipv6cidr_blocks": [],
            "ipv6virtual_router_ip": null,
            "prohibit_internet_ingress": false,
            "prohibit_public_ip_on_vnic": false,
            "route_table_id": "ocid1.routetable.oc1.iad.aaaaaaaa5xn57zkovnwroeic3k3l6gh3fusgr4hrwfyl4d2tqdojfijgvkwq",
            "security_list_ids": [
              "ocid1.securitylist.oc1.iad.aaaaaaaalri3blr4mmzmurdokm7jjqdnrtfd47a7uc6x7lqjhqbzeuarbtha"
            ],
            "state": "AVAILABLE",
            "subnet_domain_name": null,
            "time_created": "2023-10-08 21:27:25.729 +0000 UTC",
            "timeouts": null,
            "vcn_id": "ocid1.vcn.oc1.iad.amaaaaaamu4gbzqafww3c6dkld4rrxvosr7zwugm5ynl65cyrpy5qyoxgswq",
            "virtual_router_ip": "192.168.1.1",
            "virtual_router_mac": "00:00:17:F7:99:25"
          },
          "sensitive_attributes": [],
          "private": "eyJlMmJmYjczMC1lY2FhLTExZTYtOGY4OC0zNDM2M2JjN2M0YzAiOnsiY3JlYXRlIjoxMjAwMDAwMDAwMDAwLCJkZWxldGUiOjEyMDAwMDAwMDAwMDAsInVwZGF0ZSI6MTIwMDAwMDAwMDAwMH19",
          "dependencies": [
            "oci_core_internet_gateway.ig",
            "oci_core_route_table.public_rt",
            "oci_core_security_list.security_list",
            "oci_core_vcn.network"
          ]
        }
      ]
    },
    {
      "mode": "managed",
      "type": "oci_core_vcn",
      "name": "network",
      "provider": "provider[\"registry.terraform.io/oracle/oci\"]",
      "instances": [
        {
          "schema_version": 0,
          "attributes": {
            "byoipv6cidr_blocks": [],
            "byoipv6cidr_details": [],
            "cidr_block": "192.168.0.0/16",
            "cidr_blocks": [
              "192.168.0.0/16"
            ],
            "compartment_id": "ocid1.tenancy.oc1..aaaaaaaaazrw3t5sa6dacgzzh573u763zxazhcnve2ndfdgaebwgh6dxlptq",
            "default_dhcp_options_id": "ocid1.dhcpoptions.oc1.iad.aaaaaaaal6yrfohp6o74oad5jllezh2oe3yqcoizm46flwx2vwbjfcullkrq",
            "default_route_table_id": "ocid1.routetable.oc1.iad.aaaaaaaarnvuhnjkl2ummc4bqyhjczzy4ruvp4uou3as4cizidbypenkiqqq",
            "default_security_list_id": "ocid1.securitylist.oc1.iad.aaaaaaaawhzdbovlv5h573j6hqjamzsr4zmt6yojiuve4nlozfpdbzomyg5a",
            "defined_tags": {
              "Oracle-Tags.CreatedBy": "default/justingilberto@estudiantec.cr",
              "Oracle-Tags.CreatedOn": "2023-10-08T21:27:23.269Z"
            },
            "display_name": "network",
            "dns_label": null,
            "freeform_tags": {
              "Name": "tec"
            },
            "id": "ocid1.vcn.oc1.iad.amaaaaaamu4gbzqafww3c6dkld4rrxvosr7zwugm5ynl65cyrpy5qyoxgswq",
            "ipv6cidr_blocks": [],
            "ipv6private_cidr_blocks": [],
            "is_ipv6enabled": false,
            "is_oracle_gua_allocation_enabled": null,
            "state": "AVAILABLE",
            "time_created": "2023-10-08 21:27:23.37 +0000 UTC",
            "timeouts": null,
            "vcn_domain_name": null
          },
          "sensitive_attributes": [],
          "private": "eyJlMmJmYjczMC1lY2FhLTExZTYtOGY4OC0zNDM2M2JjN2M0YzAiOnsiY3JlYXRlIjoxMjAwMDAwMDAwMDAwLCJkZWxldGUiOjEyMDAwMDAwMDAwMDAsInVwZGF0ZSI6MTIwMDAwMDAwMDAwMH19"
        }
      ]
    },
    {
      "mode": "managed",
      "type": "oci_objectstorage_bucket",
      "name": "bucket",
      "provider": "provider[\"registry.terraform.io/oracle/oci\"]",
      "instances": [
        {
          "schema_version": 0,
          "attributes": {
            "access_type": "NoPublicAccess",
            "approximate_count": "1",
            "approximate_size": "273126785",
            "auto_tiering": "Disabled",
            "bucket_id": "ocid1.bucket.oc1.iad.aaaaaaaaevaipa6ha6jj5lgyrvshjajvwfz4hysn6wsjbjhzm4tqafywskda",
            "compartment_id": "ocid1.tenancy.oc1..aaaaaaaaazrw3t5sa6dacgzzh573u763zxazhcnve2ndfdgaebwgh6dxlptq",
            "created_by": "ocid1.user.oc1..aaaaaaaashik7hmu6usm4tpruwrubbs6h6e5lyix6lcu67odiuc7vbfcvotq",
            "defined_tags": {
              "Oracle-Tags.CreatedBy": "default/justingilberto@estudiantec.cr",
              "Oracle-Tags.CreatedOn": "2023-10-08T21:27:23.310Z"
            },
            "etag": "df2204ac-dd70-4d79-993e-eb84755af3ff",
            "freeform_tags": {},
            "id": "n/idv0qk3j0dt6/b/ic4302",
            "is_read_only": false,
            "kms_key_id": null,
            "metadata": {},
            "name": "ic4302",
            "namespace": "idv0qk3j0dt6",
            "object_events_enabled": false,
            "object_lifecycle_policy_etag": null,
            "replication_enabled": false,
            "retention_rules": [],
            "storage_tier": "Standard",
            "time_created": "2023-10-08 21:27:23.32 +0000 UTC",
            "timeouts": null,
            "versioning": "Disabled"
          },
          "sensitive_attributes": [],
          "private": "eyJlMmJmYjczMC1lY2FhLTExZTYtOGY4OC0zNDM2M2JjN2M0YzAiOnsiY3JlYXRlIjoxMjAwMDAwMDAwMDAwLCJkZWxldGUiOjEyMDAwMDAwMDAwMDAsInVwZGF0ZSI6MTIwMDAwMDAwMDAwMH19",
          "dependencies": [
            "data.oci_objectstorage_namespace.namespace"
          ]
        }
      ]
    }
  ],
  "check_results": null
}
