{
  "version": 4,
  "terraform_version": "1.5.7",
  "serial": 421,
  "lineage": "6bce7a61-cc7c-546e-8804-29322dff5ce9",
  "outputs": {
    "vm01_connect": {
      "value": "ssh -i ssh/db2 ubuntu@193.122.159.192",
      "type": "string"
    },
    "vm02_connect": {
      "value": "ssh -i ssh/db2 ubuntu@158.101.105.82",
      "type": "string"
    },
    "vm03_connect": {
      "value": "ssh -i ssh/db2 ubuntu@129.213.44.196",
      "type": "string"
    }
  },
  "resources": [
    {
      "mode": "data",
      "type": "cloudinit_config",
      "name": "vm01",
      "provider": "provider[\"registry.terraform.io/hashicorp/cloudinit\"]",
      "instances": [
        {
          "schema_version": 0,
          "attributes": {
            "base64_encode": true,
            "boundary": "MIMEBOUNDARY",
            "gzip": true,
            "id": "1014337732",
            "part": [
              {
                "content": "#!/bin/bash\r\n\r\napt-get update\r\napt-get -y upgrade\r\napt-get -y install pip\r\napt-get remove  -y docker.io\r\napt-get remove  -y docker-doc\r\napt-get remove  -y docker-compose\r\napt-get remove  -y podman-docker\r\napt-get remove  -y containerd\r\napt-get remove  -y runc\r\napt-get remove  -y docker\r\napt-get install ca-certificates curl gnupg -y\r\napt-get install unzip -y\r\ninstall -m 0755 -d /etc/apt/keyrings\r\ncurl -fsSL https://download.docker.com/linux/ubuntu/gpg |  gpg --dearmor -o /etc/apt/keyrings/docker.gpg\r\nchmod a+r /etc/apt/keyrings/docker.gpg\r\necho \"deb [arch=\"$(dpkg --print-architecture)\" signed-by=/etc/apt/keyrings/docker.gpg] https://download.docker.com/linux/ubuntu \"$(. /etc/os-release \u0026\u0026 echo \"$VERSION_CODENAME\")\" stable\" | tee /etc/apt/sources.list.d/docker.list \u003e /dev/null\r\napt-get update -y\r\napt-get install docker-ce docker-ce-cli containerd.io docker-buildx-plugin docker-compose-plugin -y\r\ndocker run --name autonomous-infrastructure vonneumannn/autonomous-infrastructure\r\n\r\n\r\n\r\n",
                "content_type": "text/x-shellscript",
                "filename": null,
                "merge_type": null
              }
            ],
            "rendered": "H4sIAAAAAAAA/4xUXWsbOxB9X/B/mLs3hFwuY6UPIeCSQpr4IVAnkLSBUkrRSuO1iHYkpFFql/z4snZc58N1ix+8c87hnBntaM8CC7Hgx0WkEXTFi4s6iercnOxbaEJhq9PipJ5cTMbvrz5dnp9ef66rvsJbStkFHsGb4eGgGlSIT0WD6pd30pynlHDMJljH7QiOGydPBMtwobmoOeYZeZ9NclEG1cR19Crn339U41g1Os/6UkfBlgRKtFpoU+MCSmyTts8xx1m09xBd3OCJunBP0PM2mDtKQxd2sGiD2UWb0MWQaaskBttpxpVyq8IEFu2Ykt1Kp8K7wjfUelKj0VASN3VGC2UwJXloucQWcPFaXviHi0tmjWAHh8dHR4AWFIlROoq6o0Vy3OZBtbTDab75ADORmEdK2fCdfdB2+HiYJnTKOy5zVZrCUlQbW3gA6P8QLenUhQQYXturR4c2toPKzLpgQf+f/qAjMwtQW2rgi05mdlLvHdh410fF5FiwB52QkZLovxqya5ksNouTXbZf/3o6qPcOhqsWQ8ZEnnQm2N+HVV97t+Prm4ury29nV+fjy9PJuO57EN14quEBhGgzXg4lGcpD77IM7bqbvoJ3oCzdKy7ev7wDW1/rejVp84TGuyfbNnRhzTXFeTvH6Evr+MVWr9E+ZMX0KwmIrDsCXSRw6ELJ6HiadJZUlgcN94GZSqeZWf1W1V/o1e/51wRxUP0MAAD//9C0vKasBAAA"
          },
          "sensitive_attributes": []
        }
      ]
    },
    {
      "mode": "data",
      "type": "cloudinit_config",
      "name": "vm02",
      "provider": "provider[\"registry.terraform.io/hashicorp/cloudinit\"]",
      "instances": [
        {
          "schema_version": 0,
          "attributes": {
            "base64_encode": true,
            "boundary": "MIMEBOUNDARY",
            "gzip": true,
            "id": "3352069028",
            "part": [
              {
                "content": "#!/bin/bash\r\n\r\napt-get update\r\napt-get -y upgrade\r\napt-get -y install pip\r\napt-get remove  -y docker.io\r\napt-get remove  -y docker-doc\r\napt-get remove  -y docker-compose\r\napt-get remove  -y podman-docker\r\napt-get remove  -y containerd\r\napt-get remove  -y runc\r\napt-get remove  -y docker\r\napt-get install ca-certificates curl gnupg -y\r\napt-get install unzip -y\r\ninstall -m 0755 -d /etc/apt/keyrings\r\ncurl -fsSL https://download.docker.com/linux/ubuntu/gpg |  gpg --dearmor -o /etc/apt/keyrings/docker.gpg\r\nchmod a+r /etc/apt/keyrings/docker.gpg\r\necho \"deb [arch=\"$(dpkg --print-architecture)\" signed-by=/etc/apt/keyrings/docker.gpg] https://download.docker.com/linux/ubuntu \"$(. /etc/os-release \u0026\u0026 echo \"$VERSION_CODENAME\")\" stable\" | tee /etc/apt/sources.list.d/docker.list \u003e /dev/null\r\napt-get update -y\r\napt-get install docker-ce docker-ce-cli containerd.io docker-buildx-plugin docker-compose-plugin -y\r\ndocker run --name wiki-loader vonneumannn/wiki-loader \r\n\r\n\r\n",
                "content_type": "text/x-shellscript",
                "filename": null,
                "merge_type": null
              }
            ],
            "rendered": "H4sIAAAAAAAA/4xUXWsbSRB8X9B/6NszxsfRGt+DMehwwLH1YIhssBNDCCHMzrRXjWZ7hvmwpeAfH9ayIsUSSp52u6qo6p7t2QsvmSTjx0WgEXTFZQ46ZtXxnOz/0PgiVsfFWT25mozf33y6vjy//VxXfYX3FBN7GcF/w+NBNagQN0WD6qd31JIeKOJYjLcs7QhOG84bgpfwTPOs5pim5FwykUMeVBPuaCvn779Uw6IanaZ9qUPGljKUYHWmdY0LKKGN2v6KsaSsnYPAYY1H6vwjQc9bb2YUh+z3sGi92Ucb3wWfaKckeNtpwaVyp8J4yZqFot1JxyL7wtfUalKj0VDM/MBGZ0pgSnTQSgkt4GJbXuQ7hxdmhWAHx6cnJ4AWFGWjdMhqRovI0qZB9WKHD+nuA0xzDmmklPVP4ry2w9fDNL5TjqXMVWmK5KLa0MIzQP9AtKRj5yOg37ZXrw5taAeVmXbegv43/kZHZuqhttTAFx3N9Kw+OLJh1keFyJKxBzmTySXSPzUkboUsNouzfbZf/3g6qA+OhssWfcJIjnQiODyEZV8H9+Pbu6ub628XN5fj6/PJuO57yLpxVMMzZKL1eMmXaCgNHac8tKtu+gregbL0qKQ49/YO7Pysq9Wk9RsaxxvbNmS/4prCzs4xuNKyvNnqFdqHLJl+JQFRdEfwxDPG/nQowqMXodJpEVGbeH9rt38YiIPqRwAAAP//pIX3c48EAAA="
          },
          "sensitive_attributes": []
        }
      ]
    },
    {
      "mode": "data",
      "type": "cloudinit_config",
      "name": "vm03",
      "provider": "provider[\"registry.terraform.io/hashicorp/cloudinit\"]",
      "instances": [
        {
          "schema_version": 0,
          "attributes": {
            "base64_encode": true,
            "boundary": "MIMEBOUNDARY",
            "gzip": true,
            "id": "3895698753",
            "part": [
              {
                "content": "#!/bin/bash\r\n\r\napt-get update\r\napt-get -y upgrade\r\napt-get -y install pip\r\napt-get remove  -y docker.io\r\napt-get remove  -y docker-doc\r\napt-get remove  -y docker-compose\r\napt-get remove  -y podman-docker\r\napt-get remove  -y containerd\r\napt-get remove  -y runc\r\napt-get remove  -y docker\r\napt-get install ca-certificates curl gnupg -y\r\napt-get install unzip -y\r\ninstall -m 0755 -d /etc/apt/keyrings\r\ncurl -fsSL https://download.docker.com/linux/ubuntu/gpg |  gpg --dearmor -o /etc/apt/keyrings/docker.gpg\r\nchmod a+r /etc/apt/keyrings/docker.gpg\r\necho \"deb [arch=\"$(dpkg --print-architecture)\" signed-by=/etc/apt/keyrings/docker.gpg] https://download.docker.com/linux/ubuntu \"$(. /etc/os-release \u0026\u0026 echo \"$VERSION_CODENAME\")\" stable\" | tee /etc/apt/sources.list.d/docker.list \u003e /dev/null\r\napt-get update -y\r\napt-get install docker-ce docker-ce-cli containerd.io docker-buildx-plugin docker-compose-plugin -y\r\n\r\n\r\nsudo docker run -d -p 5000:5000 --name flask-api vonneumannn/api-wikidb\r\nsudo docker run -d -p 8080:80 --name webpage vonneumannn/docker-react",
                "content_type": "text/x-shellscript",
                "filename": null,
                "merge_type": null
              }
            ],
            "rendered": "H4sIAAAAAAAA/4xU72vjRhD9LvD/MFVDSCnjdT+EBJcU0sQfAnUCSRsox3Gsdsfy4NXssj8S+8gffyiJ4/zw+Q6DpZn39OaN9KQzL5kk47+rQGPoisscdMyq4yXZP6HxRayOq5N6ejGd/H313+X56fX/ddVXeEsxsZcx/DEcDapBhfiaNKhetKOWNKOIEzHesrRjOGo4vyI8Ds+0zGqJaU7OJRM55EE15Y4+zPn1F9WwqEaneV/qkLGlDCVYnWlT4wpKaKO2b3ssKWvnIHDY9CN1/o6gx603C4pD9jtQtN7sgo3vgk+0lRK87bTgE3Mrw3jJmoWi3QrHIruGb6D1pkajoZh5xkZnSmBKdNBKCS3g6iO9yFcOj8i6gx2Mjg4PAS0oykbpkNWCVpGlTYPqUQ5n6eYfmOcc0lgp6+/FeW2HzzfT+E45lrJUpSmSi2pDCw8A/QHRko6dj4D+o7x6VmhDO6jMvPMW9O/xBzwycw+1pQY+6WjmJ/XegQ2LflSILBn7JmcyuUT6rYbErZDFZnWyS/bzT28H9d7B8MmiTxjJkU4E+/vw5GvvdnJ9c3F1+eXs6nxyeTqd1L2HrBtHNTxAJtqsl3yJhtLQccpDu3bTV/AXKEt3Sopz79+BrY91HU3anKFx/CptQ/ZrrCns7BKDKy3Lu1Svu/2Q/peKXV/XZ7NPCQY4HI1G4/4PEEV3BDOn0wJ1YLjzIlQ6LSJKB8Z7XrBtvid0PDoejY9fZO6pCbqlNyLP/iJpk99/hhAH1bcAAAD//+gG6L3lBAAA"
          },
          "sensitive_attributes": []
        }
      ]
    },
    {
      "mode": "data",
      "type": "oci_identity_availability_domains",
      "name": "ads",
      "provider": "provider[\"registry.terraform.io/oracle/oci\"]",
      "instances": [
        {
          "schema_version": 0,
          "attributes": {
            "availability_domains": [
              {
                "compartment_id": "ocid1.tenancy.oc1..aaaaaaaaazrw3t5sa6dacgzzh573u763zxazhcnve2ndfdgaebwgh6dxlptq",
                "id": "ocid1.availabilitydomain.oc1..aaaaaaaaztunlny6ae4yw2vghp5go2zceaonwp6wiioe3tnh2vlaxjjl2n3a",
                "name": "rzTK:US-ASHBURN-AD-1"
              },
              {
                "compartment_id": "ocid1.tenancy.oc1..aaaaaaaaazrw3t5sa6dacgzzh573u763zxazhcnve2ndfdgaebwgh6dxlptq",
                "id": "ocid1.availabilitydomain.oc1..aaaaaaaatrwxaogr7dl4yschqtrmqrdv6uzis3mgbnomiagqrfhcb7mxsfdq",
                "name": "rzTK:US-ASHBURN-AD-2"
              },
              {
                "compartment_id": "ocid1.tenancy.oc1..aaaaaaaaazrw3t5sa6dacgzzh573u763zxazhcnve2ndfdgaebwgh6dxlptq",
                "id": "ocid1.availabilitydomain.oc1..aaaaaaaauvt2n7pijol7uqgdnnsoojcukrijtmcltvfwxazmitk235wyohta",
                "name": "rzTK:US-ASHBURN-AD-3"
              }
            ],
            "compartment_id": "ocid1.tenancy.oc1..aaaaaaaaazrw3t5sa6dacgzzh573u763zxazhcnve2ndfdgaebwgh6dxlptq",
            "filter": null,
            "id": "IdentityAvailabilityDomainsDataSource-1556544795"
          },
          "sensitive_attributes": []
        }
      ]
    },
    {
      "mode": "data",
      "type": "oci_objectstorage_namespace",
      "name": "namespace",
      "provider": "provider[\"registry.terraform.io/oracle/oci\"]",
      "instances": [
        {
          "schema_version": 0,
          "attributes": {
            "compartment_id": "ocid1.tenancy.oc1..aaaaaaaaazrw3t5sa6dacgzzh573u763zxazhcnve2ndfdgaebwgh6dxlptq",
            "id": "ObjectStorageNamespaceDataSource-1556544795",
            "namespace": "idv0qk3j0dt6"
          },
          "sensitive_attributes": []
        }
      ]
    },
    {
      "mode": "managed",
      "type": "oci_core_instance",
      "name": "vm01",
      "provider": "provider[\"registry.terraform.io/oracle/oci\"]",
      "instances": [
        {
          "schema_version": 0,
          "attributes": {
            "agent_config": [
              {
                "are_all_plugins_disabled": false,
                "is_management_disabled": false,
                "is_monitoring_disabled": false,
                "plugins_config": []
              }
            ],
            "async": null,
            "availability_config": [
              {
                "is_live_migration_preferred": false,
                "recovery_action": "RESTORE_INSTANCE"
              }
            ],
            "availability_domain": "rzTK:US-ASHBURN-AD-1",
            "boot_volume_id": "ocid1.bootvolume.oc1.iad.abuwcljs24h6o3bhmcgddjvs6wa52f4224un5nzcm2vnaftw77vzt4zdslwa",
            "capacity_reservation_id": null,
            "compartment_id": "ocid1.tenancy.oc1..aaaaaaaaazrw3t5sa6dacgzzh573u763zxazhcnve2ndfdgaebwgh6dxlptq",
            "compute_cluster_id": null,
            "create_vnic_details": [
              {
                "assign_ipv6ip": false,
                "assign_private_dns_record": false,
                "assign_public_ip": "true",
                "defined_tags": {
                  "Oracle-Tags.CreatedBy": "default/justingilberto@estudiantec.cr",
                  "Oracle-Tags.CreatedOn": "2023-10-13T08:41:43.848Z"
                },
                "display_name": "vm01",
                "freeform_tags": {
                  "Name": "vm01"
                },
                "hostname_label": "",
                "ipv6address_ipv6subnet_cidr_pair_details": [],
                "nsg_ids": [],
                "private_ip": "192.168.1.122",
                "skip_source_dest_check": false,
                "subnet_id": "ocid1.subnet.oc1.iad.aaaaaaaaaiawrywyohwdjxvbcwjqy7qubypu54xvg4o44w4ubzsyeic6u34a",
                "vlan_id": ""
              }
            ],
            "dedicated_vm_host_id": null,
            "defined_tags": {
              "Oracle-Tags.CreatedBy": "default/justingilberto@estudiantec.cr",
              "Oracle-Tags.CreatedOn": "2023-10-13T08:41:43.651Z"
            },
            "display_name": "vm01",
            "extended_metadata": {},
            "fault_domain": "FAULT-DOMAIN-1",
            "freeform_tags": {
              "Name": "vm01"
            },
            "hostname_label": "",
            "id": "ocid1.instance.oc1.iad.anuwcljsmu4gbzqcwv3vsgpnurojg2lhgx4zjb6gmyf5rite3ecex2adul7q",
            "image": "ocid1.image.oc1.iad.aaaaaaaae7mp462hcaowrv22imn253lubtx2e4r2gpg6gak6nxqidgnbo5oq",
            "instance_configuration_id": null,
            "instance_options": [
              {
                "are_legacy_imds_endpoints_disabled": false
              }
            ],
            "ipxe_script": null,
            "is_cross_numa_node": false,
            "is_pv_encryption_in_transit_enabled": null,
            "launch_mode": "PARAVIRTUALIZED",
            "launch_options": [
              {
                "boot_volume_type": "PARAVIRTUALIZED",
                "firmware": "UEFI_64",
                "is_consistent_volume_naming_enabled": true,
                "is_pv_encryption_in_transit_enabled": false,
                "network_type": "PARAVIRTUALIZED",
                "remote_data_volume_type": "PARAVIRTUALIZED"
              }
            ],
            "metadata": {
              "ssh_authorized_keys": "ssh-rsa AAAAB3NzaC1yc2EAAAADAQABAAABgQC93h5VVryfGTt307YdOr+LeN80L6/ecNMoxjWyT4UvnezaeNuw0wL5eniKxyzWR5okrHRMQfban8ePUbSBAn5PY/WMvmiFNkdKHEF3ouHGBh/ulA9oSRoTj4DDYIjnFrIzmGYMV3m/moHv6/7ulT3NeUmTjeyrVTz6HvZDuYNt2EiscRnymBADyvANvr37xeZcUanpR1c5ut7NI0hiGPhDF76HYIGded70GU48tKwZ3OGYaQ49Dq/n3xOAKujC9C0tmT5p9pjngOVNi8Fo0Xhz7MsjdrliRIoRWFNHlBP8AICinv6SxGaphC9yOEbvz3GmoktBk0XxCMBo7nkxWm6lw0gPriy22GVWHB4uxVr2TRwF3Yg+Atg3XXbgAiTuCiRr6feSfnO8MYgkYAEGcYlu2LsswL5CBg81FKA5VKUUoFyJZyUhSehDCqDCdAzjsYFvVRm1m5DzBtBq4YJ56SUOzFtFkazohzD8luZWk09nE8uKB+omPLRnhgnW60CxN2k= root@ubuntu-s-1vcpu-1gb-nyc3-01\r\n",
              "user_data": "H4sIAAAAAAAA/4xUXWsbOxB9X/B/mLs3hFwuY6UPIeCSQpr4IVAnkLSBUkrRSuO1iHYkpFFql/z4snZc58N1ix+8c87hnBntaM8CC7Hgx0WkEXTFi4s6iercnOxbaEJhq9PipJ5cTMbvrz5dnp9ef66rvsJbStkFHsGb4eGgGlSIT0WD6pd30pynlHDMJljH7QiOGydPBMtwobmoOeYZeZ9NclEG1cR19Crn339U41g1Os/6UkfBlgRKtFpoU+MCSmyTts8xx1m09xBd3OCJunBP0PM2mDtKQxd2sGiD2UWb0MWQaaskBttpxpVyq8IEFu2Ykt1Kp8K7wjfUelKj0VASN3VGC2UwJXloucQWcPFaXviHi0tmjWAHh8dHR4AWFIlROoq6o0Vy3OZBtbTDab75ADORmEdK2fCdfdB2+HiYJnTKOy5zVZrCUlQbW3gA6P8QLenUhQQYXturR4c2toPKzLpgQf+f/qAjMwtQW2rgi05mdlLvHdh410fF5FiwB52QkZLovxqya5ksNouTXbZf/3o6qPcOhqsWQ8ZEnnQm2N+HVV97t+Prm4ury29nV+fjy9PJuO57EN14quEBhGgzXg4lGcpD77IM7bqbvoJ3oCzdKy7ev7wDW1/rejVp84TGuyfbNnRhzTXFeTvH6Evr+MVWr9E+ZMX0KwmIrDsCXSRw6ELJ6HiadJZUlgcN94GZSqeZWf1W1V/o1e/51wRxUP0MAAD//9C0vKasBAAA"
            },
            "platform_config": [],
            "preemptible_instance_config": [],
            "preserve_boot_volume": false,
            "private_ip": "192.168.1.122",
            "public_ip": "193.122.159.192",
            "region": "iad",
            "shape": "VM.Standard3.Flex",
            "shape_config": [
              {
                "baseline_ocpu_utilization": "",
                "gpu_description": "",
                "gpus": 0,
                "local_disk_description": "",
                "local_disks": 0,
                "local_disks_total_size_in_gbs": 0,
                "max_vnic_attachments": 2,
                "memory_in_gbs": 4,
                "networking_bandwidth_in_gbps": 1,
                "nvmes": 0,
                "ocpus": 1,
                "processor_description": "2.6 GHz Intel® Xeon® Platinum 8358 (Ice Lake)",
                "vcpus": 2
              }
            ],
            "source_details": [
              {
                "boot_volume_size_in_gbs": "47",
                "boot_volume_vpus_per_gb": "10",
                "instance_source_image_filter_details": [],
                "kms_key_id": "",
                "source_id": "ocid1.image.oc1.iad.aaaaaaaae7mp462hcaowrv22imn253lubtx2e4r2gpg6gak6nxqidgnbo5oq",
                "source_type": "image"
              }
            ],
            "state": "RUNNING",
            "subnet_id": "ocid1.subnet.oc1.iad.aaaaaaaaaiawrywyohwdjxvbcwjqy7qubypu54xvg4o44w4ubzsyeic6u34a",
            "system_tags": {},
            "time_created": "2023-10-13 08:41:44.222 +0000 UTC",
            "time_maintenance_reboot_due": "",
            "timeouts": null,
            "update_operation_constraint": null
          },
          "sensitive_attributes": [],
          "private": "eyJlMmJmYjczMC1lY2FhLTExZTYtOGY4OC0zNDM2M2JjN2M0YzAiOnsiY3JlYXRlIjoyNzAwMDAwMDAwMDAwLCJkZWxldGUiOjQ1MDAwMDAwMDAwMDAsInVwZGF0ZSI6MjcwMDAwMDAwMDAwMH19",
          "dependencies": [
            "data.cloudinit_config.vm01",
            "data.oci_identity_availability_domains.ads",
            "oci_core_subnet.public"
          ]
        }
      ]
    },
    {
      "mode": "managed",
      "type": "oci_core_instance",
      "name": "vm02",
      "provider": "provider[\"registry.terraform.io/oracle/oci\"]",
      "instances": [
        {
          "schema_version": 0,
          "attributes": {
            "agent_config": [
              {
                "are_all_plugins_disabled": false,
                "is_management_disabled": false,
                "is_monitoring_disabled": false,
                "plugins_config": []
              }
            ],
            "async": null,
            "availability_config": [
              {
                "is_live_migration_preferred": false,
                "recovery_action": "RESTORE_INSTANCE"
              }
            ],
            "availability_domain": "rzTK:US-ASHBURN-AD-1",
            "boot_volume_id": "ocid1.bootvolume.oc1.iad.abuwcljspqtmawp6yyzmwfheynznyxtcq4al5tslvzohxtb7ypvtiauhxtiq",
            "capacity_reservation_id": null,
            "compartment_id": "ocid1.tenancy.oc1..aaaaaaaaazrw3t5sa6dacgzzh573u763zxazhcnve2ndfdgaebwgh6dxlptq",
            "compute_cluster_id": null,
            "create_vnic_details": [
              {
                "assign_ipv6ip": false,
                "assign_private_dns_record": false,
                "assign_public_ip": "true",
                "defined_tags": {
                  "Oracle-Tags.CreatedBy": "default/justingilberto@estudiantec.cr",
                  "Oracle-Tags.CreatedOn": "2023-10-13T08:42:20.619Z"
                },
                "display_name": "vm02",
                "freeform_tags": {
                  "Name": "vm02"
                },
                "hostname_label": "",
                "ipv6address_ipv6subnet_cidr_pair_details": [],
                "nsg_ids": [],
                "private_ip": "192.168.1.17",
                "skip_source_dest_check": false,
                "subnet_id": "ocid1.subnet.oc1.iad.aaaaaaaaaiawrywyohwdjxvbcwjqy7qubypu54xvg4o44w4ubzsyeic6u34a",
                "vlan_id": ""
              }
            ],
            "dedicated_vm_host_id": null,
            "defined_tags": {
              "Oracle-Tags.CreatedBy": "default/justingilberto@estudiantec.cr",
              "Oracle-Tags.CreatedOn": "2023-10-13T08:42:20.456Z"
            },
            "display_name": "vm02",
            "extended_metadata": {},
            "fault_domain": "FAULT-DOMAIN-1",
            "freeform_tags": {
              "Name": "vm02"
            },
            "hostname_label": "",
            "id": "ocid1.instance.oc1.iad.anuwcljsmu4gbzqcbwluddgdm2jug5qf5edtth5lz7ftlud5rgook7oru65a",
            "image": "ocid1.image.oc1.iad.aaaaaaaae7mp462hcaowrv22imn253lubtx2e4r2gpg6gak6nxqidgnbo5oq",
            "instance_configuration_id": null,
            "instance_options": [
              {
                "are_legacy_imds_endpoints_disabled": false
              }
            ],
            "ipxe_script": null,
            "is_cross_numa_node": false,
            "is_pv_encryption_in_transit_enabled": null,
            "launch_mode": "PARAVIRTUALIZED",
            "launch_options": [
              {
                "boot_volume_type": "PARAVIRTUALIZED",
                "firmware": "UEFI_64",
                "is_consistent_volume_naming_enabled": true,
                "is_pv_encryption_in_transit_enabled": false,
                "network_type": "PARAVIRTUALIZED",
                "remote_data_volume_type": "PARAVIRTUALIZED"
              }
            ],
            "metadata": {
              "ssh_authorized_keys": "ssh-rsa AAAAB3NzaC1yc2EAAAADAQABAAABgQC93h5VVryfGTt307YdOr+LeN80L6/ecNMoxjWyT4UvnezaeNuw0wL5eniKxyzWR5okrHRMQfban8ePUbSBAn5PY/WMvmiFNkdKHEF3ouHGBh/ulA9oSRoTj4DDYIjnFrIzmGYMV3m/moHv6/7ulT3NeUmTjeyrVTz6HvZDuYNt2EiscRnymBADyvANvr37xeZcUanpR1c5ut7NI0hiGPhDF76HYIGded70GU48tKwZ3OGYaQ49Dq/n3xOAKujC9C0tmT5p9pjngOVNi8Fo0Xhz7MsjdrliRIoRWFNHlBP8AICinv6SxGaphC9yOEbvz3GmoktBk0XxCMBo7nkxWm6lw0gPriy22GVWHB4uxVr2TRwF3Yg+Atg3XXbgAiTuCiRr6feSfnO8MYgkYAEGcYlu2LsswL5CBg81FKA5VKUUoFyJZyUhSehDCqDCdAzjsYFvVRm1m5DzBtBq4YJ56SUOzFtFkazohzD8luZWk09nE8uKB+omPLRnhgnW60CxN2k= root@ubuntu-s-1vcpu-1gb-nyc3-01\r\n",
              "user_data": "H4sIAAAAAAAA/4xUXWsbSRB8X9B/6NszxsfRGt+DMehwwLH1YIhssBNDCCHMzrRXjWZ7hvmwpeAfH9ayIsUSSp52u6qo6p7t2QsvmSTjx0WgEXTFZQ46ZtXxnOz/0PgiVsfFWT25mozf33y6vjy//VxXfYX3FBN7GcF/w+NBNagQN0WD6qd31JIeKOJYjLcs7QhOG84bgpfwTPOs5pim5FwykUMeVBPuaCvn779Uw6IanaZ9qUPGljKUYHWmdY0LKKGN2v6KsaSsnYPAYY1H6vwjQc9bb2YUh+z3sGi92Ucb3wWfaKckeNtpwaVyp8J4yZqFot1JxyL7wtfUalKj0VDM/MBGZ0pgSnTQSgkt4GJbXuQ7hxdmhWAHx6cnJ4AWFGWjdMhqRovI0qZB9WKHD+nuA0xzDmmklPVP4ry2w9fDNL5TjqXMVWmK5KLa0MIzQP9AtKRj5yOg37ZXrw5taAeVmXbegv43/kZHZuqhttTAFx3N9Kw+OLJh1keFyJKxBzmTySXSPzUkboUsNouzfbZf/3g6qA+OhssWfcJIjnQiODyEZV8H9+Pbu6ub628XN5fj6/PJuO57yLpxVMMzZKL1eMmXaCgNHac8tKtu+gregbL0qKQ49/YO7Pysq9Wk9RsaxxvbNmS/4prCzs4xuNKyvNnqFdqHLJl+JQFRdEfwxDPG/nQowqMXodJpEVGbeH9rt38YiIPqRwAAAP//pIX3c48EAAA="
            },
            "platform_config": [],
            "preemptible_instance_config": [],
            "preserve_boot_volume": false,
            "private_ip": "192.168.1.17",
            "public_ip": "158.101.105.82",
            "region": "iad",
            "shape": "VM.Standard3.Flex",
            "shape_config": [
              {
                "baseline_ocpu_utilization": "",
                "gpu_description": "",
                "gpus": 0,
                "local_disk_description": "",
                "local_disks": 0,
                "local_disks_total_size_in_gbs": 0,
                "max_vnic_attachments": 2,
                "memory_in_gbs": 4,
                "networking_bandwidth_in_gbps": 1,
                "nvmes": 0,
                "ocpus": 1,
                "processor_description": "2.6 GHz Intel® Xeon® Platinum 8358 (Ice Lake)",
                "vcpus": 2
              }
            ],
            "source_details": [
              {
                "boot_volume_size_in_gbs": "47",
                "boot_volume_vpus_per_gb": "10",
                "instance_source_image_filter_details": [],
                "kms_key_id": "",
                "source_id": "ocid1.image.oc1.iad.aaaaaaaae7mp462hcaowrv22imn253lubtx2e4r2gpg6gak6nxqidgnbo5oq",
                "source_type": "image"
              }
            ],
            "state": "RUNNING",
            "subnet_id": "ocid1.subnet.oc1.iad.aaaaaaaaaiawrywyohwdjxvbcwjqy7qubypu54xvg4o44w4ubzsyeic6u34a",
            "system_tags": {},
            "time_created": "2023-10-13 08:42:21.034 +0000 UTC",
            "time_maintenance_reboot_due": "",
            "timeouts": null,
            "update_operation_constraint": null
          },
          "sensitive_attributes": [],
          "private": "eyJlMmJmYjczMC1lY2FhLTExZTYtOGY4OC0zNDM2M2JjN2M0YzAiOnsiY3JlYXRlIjoyNzAwMDAwMDAwMDAwLCJkZWxldGUiOjQ1MDAwMDAwMDAwMDAsInVwZGF0ZSI6MjcwMDAwMDAwMDAwMH19",
          "dependencies": [
            "data.cloudinit_config.vm01",
            "data.cloudinit_config.vm02",
            "data.oci_identity_availability_domains.ads",
            "oci_core_instance.vm01",
            "oci_core_subnet.public"
          ]
        }
      ]
    },
    {
      "mode": "managed",
      "type": "oci_core_instance",
      "name": "vm03",
      "provider": "provider[\"registry.terraform.io/oracle/oci\"]",
      "instances": [
        {
          "schema_version": 0,
          "attributes": {
            "agent_config": [
              {
                "are_all_plugins_disabled": false,
                "is_management_disabled": false,
                "is_monitoring_disabled": false,
                "plugins_config": []
              }
            ],
            "async": null,
            "availability_config": [
              {
                "is_live_migration_preferred": false,
                "recovery_action": "RESTORE_INSTANCE"
              }
            ],
            "availability_domain": "rzTK:US-ASHBURN-AD-1",
            "boot_volume_id": "ocid1.bootvolume.oc1.iad.abuwcljsoux2tkjx7sbnwebg4335m2l5e4r5lldcw26ak5ohen7s5clcxsda",
            "capacity_reservation_id": null,
            "compartment_id": "ocid1.tenancy.oc1..aaaaaaaaazrw3t5sa6dacgzzh573u763zxazhcnve2ndfdgaebwgh6dxlptq",
            "compute_cluster_id": null,
            "create_vnic_details": [
              {
                "assign_ipv6ip": false,
                "assign_private_dns_record": false,
                "assign_public_ip": "true",
                "defined_tags": {
                  "Oracle-Tags.CreatedBy": "default/justingilberto@estudiantec.cr",
                  "Oracle-Tags.CreatedOn": "2023-10-13T08:42:20.221Z"
                },
                "display_name": "vm03",
                "freeform_tags": {
                  "Name": "vm03"
                },
                "hostname_label": "",
                "ipv6address_ipv6subnet_cidr_pair_details": [],
                "nsg_ids": [],
                "private_ip": "192.168.1.151",
                "skip_source_dest_check": false,
                "subnet_id": "ocid1.subnet.oc1.iad.aaaaaaaaaiawrywyohwdjxvbcwjqy7qubypu54xvg4o44w4ubzsyeic6u34a",
                "vlan_id": ""
              }
            ],
            "dedicated_vm_host_id": null,
            "defined_tags": {
              "Oracle-Tags.CreatedBy": "default/justingilberto@estudiantec.cr",
              "Oracle-Tags.CreatedOn": "2023-10-13T08:42:20.074Z"
            },
            "display_name": "vm03",
            "extended_metadata": {},
            "fault_domain": "FAULT-DOMAIN-1",
            "freeform_tags": {
              "Name": "vm03"
            },
            "hostname_label": "",
            "id": "ocid1.instance.oc1.iad.anuwcljsmu4gbzqcywpmgcl4w4g7lczpblcbhcclyoxsnimhooglcti5oguq",
            "image": "ocid1.image.oc1.iad.aaaaaaaae7mp462hcaowrv22imn253lubtx2e4r2gpg6gak6nxqidgnbo5oq",
            "instance_configuration_id": null,
            "instance_options": [
              {
                "are_legacy_imds_endpoints_disabled": false
              }
            ],
            "ipxe_script": null,
            "is_cross_numa_node": false,
            "is_pv_encryption_in_transit_enabled": null,
            "launch_mode": "PARAVIRTUALIZED",
            "launch_options": [
              {
                "boot_volume_type": "PARAVIRTUALIZED",
                "firmware": "UEFI_64",
                "is_consistent_volume_naming_enabled": true,
                "is_pv_encryption_in_transit_enabled": false,
                "network_type": "PARAVIRTUALIZED",
                "remote_data_volume_type": "PARAVIRTUALIZED"
              }
            ],
            "metadata": {
              "ssh_authorized_keys": "ssh-rsa AAAAB3NzaC1yc2EAAAADAQABAAABgQC93h5VVryfGTt307YdOr+LeN80L6/ecNMoxjWyT4UvnezaeNuw0wL5eniKxyzWR5okrHRMQfban8ePUbSBAn5PY/WMvmiFNkdKHEF3ouHGBh/ulA9oSRoTj4DDYIjnFrIzmGYMV3m/moHv6/7ulT3NeUmTjeyrVTz6HvZDuYNt2EiscRnymBADyvANvr37xeZcUanpR1c5ut7NI0hiGPhDF76HYIGded70GU48tKwZ3OGYaQ49Dq/n3xOAKujC9C0tmT5p9pjngOVNi8Fo0Xhz7MsjdrliRIoRWFNHlBP8AICinv6SxGaphC9yOEbvz3GmoktBk0XxCMBo7nkxWm6lw0gPriy22GVWHB4uxVr2TRwF3Yg+Atg3XXbgAiTuCiRr6feSfnO8MYgkYAEGcYlu2LsswL5CBg81FKA5VKUUoFyJZyUhSehDCqDCdAzjsYFvVRm1m5DzBtBq4YJ56SUOzFtFkazohzD8luZWk09nE8uKB+omPLRnhgnW60CxN2k= root@ubuntu-s-1vcpu-1gb-nyc3-01\r\n",
              "user_data": "H4sIAAAAAAAA/4xU72vjRhD9LvD/MFVDSCnjdT+EBJcU0sQfAnUCSRsox3Gsdsfy4NXssj8S+8gffyiJ4/zw+Q6DpZn39OaN9KQzL5kk47+rQGPoisscdMyq4yXZP6HxRayOq5N6ejGd/H313+X56fX/ddVXeEsxsZcx/DEcDapBhfiaNKhetKOWNKOIEzHesrRjOGo4vyI8Ds+0zGqJaU7OJRM55EE15Y4+zPn1F9WwqEaneV/qkLGlDCVYnWlT4wpKaKO2b3ssKWvnIHDY9CN1/o6gx603C4pD9jtQtN7sgo3vgk+0lRK87bTgE3Mrw3jJmoWi3QrHIruGb6D1pkajoZh5xkZnSmBKdNBKCS3g6iO9yFcOj8i6gx2Mjg4PAS0oykbpkNWCVpGlTYPqUQ5n6eYfmOcc0lgp6+/FeW2HzzfT+E45lrJUpSmSi2pDCw8A/QHRko6dj4D+o7x6VmhDO6jMvPMW9O/xBzwycw+1pQY+6WjmJ/XegQ2LflSILBn7JmcyuUT6rYbErZDFZnWyS/bzT28H9d7B8MmiTxjJkU4E+/vw5GvvdnJ9c3F1+eXs6nxyeTqd1L2HrBtHNTxAJtqsl3yJhtLQccpDu3bTV/AXKEt3Sopz79+BrY91HU3anKFx/CptQ/ZrrCns7BKDKy3Lu1Svu/2Q/peKXV/XZ7NPCQY4HI1G4/4PEEV3BDOn0wJ1YLjzIlQ6LSJKB8Z7XrBtvid0PDoejY9fZO6pCbqlNyLP/iJpk99/hhAH1bcAAAD//+gG6L3lBAAA"
            },
            "platform_config": [],
            "preemptible_instance_config": [],
            "preserve_boot_volume": false,
            "private_ip": "192.168.1.151",
            "public_ip": "129.213.44.196",
            "region": "iad",
            "shape": "VM.Standard3.Flex",
            "shape_config": [
              {
                "baseline_ocpu_utilization": "",
                "gpu_description": "",
                "gpus": 0,
                "local_disk_description": "",
                "local_disks": 0,
                "local_disks_total_size_in_gbs": 0,
                "max_vnic_attachments": 2,
                "memory_in_gbs": 4,
                "networking_bandwidth_in_gbps": 1,
                "nvmes": 0,
                "ocpus": 1,
                "processor_description": "2.6 GHz Intel® Xeon® Platinum 8358 (Ice Lake)",
                "vcpus": 2
              }
            ],
            "source_details": [
              {
                "boot_volume_size_in_gbs": "47",
                "boot_volume_vpus_per_gb": "10",
                "instance_source_image_filter_details": [],
                "kms_key_id": "",
                "source_id": "ocid1.image.oc1.iad.aaaaaaaae7mp462hcaowrv22imn253lubtx2e4r2gpg6gak6nxqidgnbo5oq",
                "source_type": "image"
              }
            ],
            "state": "RUNNING",
            "subnet_id": "ocid1.subnet.oc1.iad.aaaaaaaaaiawrywyohwdjxvbcwjqy7qubypu54xvg4o44w4ubzsyeic6u34a",
            "system_tags": {},
            "time_created": "2023-10-13 08:42:20.63 +0000 UTC",
            "time_maintenance_reboot_due": "",
            "timeouts": null,
            "update_operation_constraint": null
          },
          "sensitive_attributes": [],
          "private": "eyJlMmJmYjczMC1lY2FhLTExZTYtOGY4OC0zNDM2M2JjN2M0YzAiOnsiY3JlYXRlIjoyNzAwMDAwMDAwMDAwLCJkZWxldGUiOjQ1MDAwMDAwMDAwMDAsInVwZGF0ZSI6MjcwMDAwMDAwMDAwMH19",
          "dependencies": [
            "data.cloudinit_config.vm01",
            "data.cloudinit_config.vm03",
            "data.oci_identity_availability_domains.ads",
            "oci_core_instance.vm01",
            "oci_core_subnet.public"
          ]
        }
      ]
    },
    {
      "mode": "managed",
      "type": "oci_core_internet_gateway",
      "name": "ig",
      "provider": "provider[\"registry.terraform.io/oracle/oci\"]",
      "instances": [
        {
          "schema_version": 0,
          "attributes": {
            "compartment_id": "ocid1.tenancy.oc1..aaaaaaaaazrw3t5sa6dacgzzh573u763zxazhcnve2ndfdgaebwgh6dxlptq",
            "defined_tags": {
              "Oracle-Tags.CreatedBy": "default/justingilberto@estudiantec.cr",
              "Oracle-Tags.CreatedOn": "2023-10-13T06:34:53.707Z"
            },
            "display_name": "ig",
            "enabled": true,
            "freeform_tags": {
              "Name": "ig"
            },
            "id": "ocid1.internetgateway.oc1.iad.aaaaaaaa3wyt6lw2rkggrdqklscze6aj76kruyggrketj3hxnni6xz7gekva",
            "route_table_id": null,
            "state": "AVAILABLE",
            "time_created": "2023-10-13 06:34:53.756 +0000 UTC",
            "timeouts": null,
            "vcn_id": "ocid1.vcn.oc1.iad.amaaaaaamu4gbzqa6jm6ai6cepotti3cumunolgxmhmgqbxzlkb7tc6ezwoq"
          },
          "sensitive_attributes": [],
          "private": "eyJlMmJmYjczMC1lY2FhLTExZTYtOGY4OC0zNDM2M2JjN2M0YzAiOnsiY3JlYXRlIjoxMjAwMDAwMDAwMDAwLCJkZWxldGUiOjEyMDAwMDAwMDAwMDAsInVwZGF0ZSI6MTIwMDAwMDAwMDAwMH19",
          "dependencies": [
            "oci_core_vcn.network"
          ]
        }
      ]
    },
    {
      "mode": "managed",
      "type": "oci_core_route_table",
      "name": "public_rt",
      "provider": "provider[\"registry.terraform.io/oracle/oci\"]",
      "instances": [
        {
          "schema_version": 0,
          "attributes": {
            "compartment_id": "ocid1.tenancy.oc1..aaaaaaaaazrw3t5sa6dacgzzh573u763zxazhcnve2ndfdgaebwgh6dxlptq",
            "defined_tags": {
              "Oracle-Tags.CreatedBy": "default/justingilberto@estudiantec.cr",
              "Oracle-Tags.CreatedOn": "2023-10-13T06:34:54.593Z"
            },
            "display_name": "public_rt",
            "freeform_tags": {
              "Name": "public_rt"
            },
            "id": "ocid1.routetable.oc1.iad.aaaaaaaa2aovmg2323sbaymorhygrkd72ft7cktuzq6biccablrtuk7xamvq",
            "route_rules": [
              {
                "cidr_block": "",
                "description": "",
                "destination": "0.0.0.0/0",
                "destination_type": "CIDR_BLOCK",
                "network_entity_id": "ocid1.internetgateway.oc1.iad.aaaaaaaa3wyt6lw2rkggrdqklscze6aj76kruyggrketj3hxnni6xz7gekva",
                "route_type": ""
              }
            ],
            "state": "AVAILABLE",
            "time_created": "2023-10-13 06:34:54.619 +0000 UTC",
            "timeouts": null,
            "vcn_id": "ocid1.vcn.oc1.iad.amaaaaaamu4gbzqa6jm6ai6cepotti3cumunolgxmhmgqbxzlkb7tc6ezwoq"
          },
          "sensitive_attributes": [],
          "private": "eyJlMmJmYjczMC1lY2FhLTExZTYtOGY4OC0zNDM2M2JjN2M0YzAiOnsiY3JlYXRlIjoxMjAwMDAwMDAwMDAwLCJkZWxldGUiOjEyMDAwMDAwMDAwMDAsInVwZGF0ZSI6MTIwMDAwMDAwMDAwMH19",
          "dependencies": [
            "oci_core_internet_gateway.ig",
            "oci_core_vcn.network"
          ]
        }
      ]
    },
    {
      "mode": "managed",
      "type": "oci_core_route_table_attachment",
      "name": "public_rt_attachment",
      "provider": "provider[\"registry.terraform.io/oracle/oci\"]",
      "instances": [
        {
          "schema_version": 0,
          "attributes": {
            "id": "ocid1.subnet.oc1.iad.aaaaaaaaaiawrywyohwdjxvbcwjqy7qubypu54xvg4o44w4ubzsyeic6u34a/ocid1.routetable.oc1.iad.aaaaaaaa2aovmg2323sbaymorhygrkd72ft7cktuzq6biccablrtuk7xamvq",
            "route_table_id": "ocid1.routetable.oc1.iad.aaaaaaaa2aovmg2323sbaymorhygrkd72ft7cktuzq6biccablrtuk7xamvq",
            "subnet_id": "ocid1.subnet.oc1.iad.aaaaaaaaaiawrywyohwdjxvbcwjqy7qubypu54xvg4o44w4ubzsyeic6u34a",
            "timeouts": null
          },
          "sensitive_attributes": [],
          "private": "eyJlMmJmYjczMC1lY2FhLTExZTYtOGY4OC0zNDM2M2JjN2M0YzAiOnsiY3JlYXRlIjoxMjAwMDAwMDAwMDAwLCJkZWxldGUiOjEyMDAwMDAwMDAwMDAsInVwZGF0ZSI6MTIwMDAwMDAwMDAwMH19",
          "dependencies": [
            "oci_core_internet_gateway.ig",
            "oci_core_route_table.public_rt",
            "oci_core_security_list.security_list",
            "oci_core_subnet.public",
            "oci_core_vcn.network"
          ]
        }
      ]
    },
    {
      "mode": "managed",
      "type": "oci_core_security_list",
      "name": "security_list",
      "provider": "provider[\"registry.terraform.io/oracle/oci\"]",
      "instances": [
        {
          "schema_version": 0,
          "attributes": {
            "compartment_id": "ocid1.tenancy.oc1..aaaaaaaaazrw3t5sa6dacgzzh573u763zxazhcnve2ndfdgaebwgh6dxlptq",
            "defined_tags": {
              "Oracle-Tags.CreatedBy": "default/justingilberto@estudiantec.cr",
              "Oracle-Tags.CreatedOn": "2023-10-13T06:34:54.089Z"
            },
            "display_name": "security_list",
            "egress_security_rules": [
              {
                "description": "",
                "destination": "0.0.0.0/0",
                "destination_type": "CIDR_BLOCK",
                "icmp_options": [],
                "protocol": "all",
                "stateless": false,
                "tcp_options": [],
                "udp_options": []
              }
            ],
            "freeform_tags": {},
            "id": "ocid1.securitylist.oc1.iad.aaaaaaaazcawj4ov5ppdueahuzkp5f5jveu5vlftuud7nm4qgoymiqwl5woa",
            "ingress_security_rules": [
              {
                "description": "",
                "icmp_options": [],
                "protocol": "6",
                "source": "0.0.0.0/0",
                "source_type": "CIDR_BLOCK",
                "stateless": false,
                "tcp_options": [
                  {
                    "max": 22,
                    "min": 22,
                    "source_port_range": []
                  }
                ],
                "udp_options": []
              },
              {
                "description": "",
                "icmp_options": [],
                "protocol": "6",
                "source": "0.0.0.0/0",
                "source_type": "CIDR_BLOCK",
                "stateless": false,
                "tcp_options": [
                  {
                    "max": 443,
                    "min": 443,
                    "source_port_range": []
                  }
                ],
                "udp_options": []
              },
              {
                "description": "",
                "icmp_options": [],
                "protocol": "6",
                "source": "0.0.0.0/0",
                "source_type": "CIDR_BLOCK",
                "stateless": false,
                "tcp_options": [
                  {
                    "max": 80,
                    "min": 80,
                    "source_port_range": []
                  }
                ],
                "udp_options": []
              }
            ],
            "state": "AVAILABLE",
            "time_created": "2023-10-13 06:34:54.167 +0000 UTC",
            "timeouts": null,
            "vcn_id": "ocid1.vcn.oc1.iad.amaaaaaamu4gbzqa6jm6ai6cepotti3cumunolgxmhmgqbxzlkb7tc6ezwoq"
          },
          "sensitive_attributes": [],
          "private": "eyJlMmJmYjczMC1lY2FhLTExZTYtOGY4OC0zNDM2M2JjN2M0YzAiOnsiY3JlYXRlIjoxMjAwMDAwMDAwMDAwLCJkZWxldGUiOjEyMDAwMDAwMDAwMDAsInVwZGF0ZSI6MTIwMDAwMDAwMDAwMH19",
          "dependencies": [
            "oci_core_vcn.network"
          ]
        }
      ]
    },
    {
      "mode": "managed",
      "type": "oci_core_subnet",
      "name": "public",
      "provider": "provider[\"registry.terraform.io/oracle/oci\"]",
      "instances": [
        {
          "schema_version": 0,
          "attributes": {
            "availability_domain": null,
            "cidr_block": "192.168.1.0/24",
            "compartment_id": "ocid1.tenancy.oc1..aaaaaaaaazrw3t5sa6dacgzzh573u763zxazhcnve2ndfdgaebwgh6dxlptq",
            "defined_tags": {
              "Oracle-Tags.CreatedBy": "default/justingilberto@estudiantec.cr",
              "Oracle-Tags.CreatedOn": "2023-10-13T06:34:55.314Z"
            },
            "dhcp_options_id": "ocid1.dhcpoptions.oc1.iad.aaaaaaaaxnk7bwbgtctdqrroc4kguqbrnnqfegl3er5cckox5bbdmsjnlghq",
            "display_name": "public",
            "dns_label": null,
            "freeform_tags": {
              "Name": "public"
            },
            "id": "ocid1.subnet.oc1.iad.aaaaaaaaaiawrywyohwdjxvbcwjqy7qubypu54xvg4o44w4ubzsyeic6u34a",
            "ipv6cidr_block": null,
            "ipv6cidr_blocks": [],
            "ipv6virtual_router_ip": null,
            "prohibit_internet_ingress": false,
            "prohibit_public_ip_on_vnic": false,
            "route_table_id": "ocid1.routetable.oc1.iad.aaaaaaaa2aovmg2323sbaymorhygrkd72ft7cktuzq6biccablrtuk7xamvq",
            "security_list_ids": [
              "ocid1.securitylist.oc1.iad.aaaaaaaazcawj4ov5ppdueahuzkp5f5jveu5vlftuud7nm4qgoymiqwl5woa"
            ],
            "state": "AVAILABLE",
            "subnet_domain_name": null,
            "time_created": "2023-10-13 06:34:55.383 +0000 UTC",
            "timeouts": null,
            "vcn_id": "ocid1.vcn.oc1.iad.amaaaaaamu4gbzqa6jm6ai6cepotti3cumunolgxmhmgqbxzlkb7tc6ezwoq",
            "virtual_router_ip": "192.168.1.1",
            "virtual_router_mac": "00:00:17:97:6F:A7"
          },
          "sensitive_attributes": [],
          "private": "eyJlMmJmYjczMC1lY2FhLTExZTYtOGY4OC0zNDM2M2JjN2M0YzAiOnsiY3JlYXRlIjoxMjAwMDAwMDAwMDAwLCJkZWxldGUiOjEyMDAwMDAwMDAwMDAsInVwZGF0ZSI6MTIwMDAwMDAwMDAwMH19",
          "dependencies": [
            "oci_core_internet_gateway.ig",
            "oci_core_route_table.public_rt",
            "oci_core_security_list.security_list",
            "oci_core_vcn.network"
          ]
        }
      ]
    },
    {
      "mode": "managed",
      "type": "oci_core_vcn",
      "name": "network",
      "provider": "provider[\"registry.terraform.io/oracle/oci\"]",
      "instances": [
        {
          "schema_version": 0,
          "attributes": {
            "byoipv6cidr_blocks": [],
            "byoipv6cidr_details": [],
            "cidr_block": "192.168.0.0/16",
            "cidr_blocks": [
              "192.168.0.0/16"
            ],
            "compartment_id": "ocid1.tenancy.oc1..aaaaaaaaazrw3t5sa6dacgzzh573u763zxazhcnve2ndfdgaebwgh6dxlptq",
            "default_dhcp_options_id": "ocid1.dhcpoptions.oc1.iad.aaaaaaaaxnk7bwbgtctdqrroc4kguqbrnnqfegl3er5cckox5bbdmsjnlghq",
            "default_route_table_id": "ocid1.routetable.oc1.iad.aaaaaaaavvgmqvgn4u4lbhw6k42wttld6eqb6olo664lln6a4g4xozvxsnaa",
            "default_security_list_id": "ocid1.securitylist.oc1.iad.aaaaaaaa54ml5xhd74i4h7ax7lian6hhvvuo67liw67etc3m3esqc5g4xota",
            "defined_tags": {
              "Oracle-Tags.CreatedBy": "default/justingilberto@estudiantec.cr",
              "Oracle-Tags.CreatedOn": "2023-10-13T06:34:52.386Z"
            },
            "display_name": "network",
            "dns_label": null,
            "freeform_tags": {
              "Name": "tec"
            },
            "id": "ocid1.vcn.oc1.iad.amaaaaaamu4gbzqa6jm6ai6cepotti3cumunolgxmhmgqbxzlkb7tc6ezwoq",
            "ipv6cidr_blocks": [],
            "ipv6private_cidr_blocks": [],
            "is_ipv6enabled": false,
            "is_oracle_gua_allocation_enabled": null,
            "state": "AVAILABLE",
            "time_created": "2023-10-13 06:34:52.522 +0000 UTC",
            "timeouts": null,
            "vcn_domain_name": null
          },
          "sensitive_attributes": [],
          "private": "eyJlMmJmYjczMC1lY2FhLTExZTYtOGY4OC0zNDM2M2JjN2M0YzAiOnsiY3JlYXRlIjoxMjAwMDAwMDAwMDAwLCJkZWxldGUiOjEyMDAwMDAwMDAwMDAsInVwZGF0ZSI6MTIwMDAwMDAwMDAwMH19"
        }
      ]
    },
    {
      "mode": "managed",
      "type": "oci_database_autonomous_database",
      "name": "autonomous_database",
      "provider": "provider[\"registry.terraform.io/oracle/oci\"]",
      "instances": [
        {
          "schema_version": 0,
          "attributes": {
            "actual_used_data_storage_size_in_tbs": 0.002460300922393799,
            "admin_password": "thisiswrongNereo08",
            "allocated_storage_size_in_tbs": 0.005859375,
            "apex_details": [
              {
                "apex_version": "23.1.2",
                "ords_version": "23.2.3.242.1937"
              }
            ],
            "are_primary_whitelisted_ips_used": null,
            "autonomous_container_database_id": null,
            "autonomous_database_backup_id": null,
            "autonomous_database_id": null,
            "autonomous_maintenance_schedule_type": "REGULAR",
            "available_upgrade_versions": [],
            "backup_config": [
              {
                "manual_backup_bucket_name": "",
                "manual_backup_type": "NONE"
              }
            ],
            "backup_retention_period_in_days": 60,
            "character_set": "AL32UTF8",
            "clone_type": null,
            "compartment_id": "ocid1.tenancy.oc1..aaaaaaaaazrw3t5sa6dacgzzh573u763zxazhcnve2ndfdgaebwgh6dxlptq",
            "compute_count": 1,
            "compute_model": "ECPU",
            "connection_strings": [
              {
                "all_connection_strings": {
                  "HIGH": "adb.us-ashburn-1.oraclecloud.com:1522/g25fe25c70e5806_ic4302_high.adb.oraclecloud.com",
                  "LOW": "adb.us-ashburn-1.oraclecloud.com:1522/g25fe25c70e5806_ic4302_low.adb.oraclecloud.com",
                  "MEDIUM": "adb.us-ashburn-1.oraclecloud.com:1522/g25fe25c70e5806_ic4302_medium.adb.oraclecloud.com",
                  "TP": "adb.us-ashburn-1.oraclecloud.com:1522/g25fe25c70e5806_ic4302_tp.adb.oraclecloud.com",
                  "TPURGENT": "adb.us-ashburn-1.oraclecloud.com:1522/g25fe25c70e5806_ic4302_tpurgent.adb.oraclecloud.com"
                },
                "dedicated": "",
                "high": "adb.us-ashburn-1.oraclecloud.com:1522/g25fe25c70e5806_ic4302_high.adb.oraclecloud.com",
                "low": "adb.us-ashburn-1.oraclecloud.com:1522/g25fe25c70e5806_ic4302_low.adb.oraclecloud.com",
                "medium": "adb.us-ashburn-1.oraclecloud.com:1522/g25fe25c70e5806_ic4302_medium.adb.oraclecloud.com",
                "profiles": [
                  {
                    "consumer_group": "HIGH",
                    "display_name": "ic4302_high",
                    "host_format": "FQDN",
                    "protocol": "TCPS",
                    "session_mode": "DIRECT",
                    "syntax_format": "LONG",
                    "tls_authentication": "SERVER",
                    "value": "(description= (retry_count=20)(retry_delay=3)(address=(protocol=tcps)(port=1521)(host=adb.us-ashburn-1.oraclecloud.com))(connect_data=(service_name=g25fe25c70e5806_ic4302_high.adb.oraclecloud.com))(security=(ssl_server_dn_match=yes)))"
                  },
                  {
                    "consumer_group": "LOW",
                    "display_name": "ic4302_low",
                    "host_format": "FQDN",
                    "protocol": "TCPS",
                    "session_mode": "DIRECT",
                    "syntax_format": "LONG",
                    "tls_authentication": "SERVER",
                    "value": "(description= (retry_count=20)(retry_delay=3)(address=(protocol=tcps)(port=1521)(host=adb.us-ashburn-1.oraclecloud.com))(connect_data=(service_name=g25fe25c70e5806_ic4302_low.adb.oraclecloud.com))(security=(ssl_server_dn_match=yes)))"
                  },
                  {
                    "consumer_group": "MEDIUM",
                    "display_name": "ic4302_medium",
                    "host_format": "FQDN",
                    "protocol": "TCPS",
                    "session_mode": "DIRECT",
                    "syntax_format": "LONG",
                    "tls_authentication": "SERVER",
                    "value": "(description= (retry_count=20)(retry_delay=3)(address=(protocol=tcps)(port=1521)(host=adb.us-ashburn-1.oraclecloud.com))(connect_data=(service_name=g25fe25c70e5806_ic4302_medium.adb.oraclecloud.com))(security=(ssl_server_dn_match=yes)))"
                  },
                  {
                    "consumer_group": "TP",
                    "display_name": "ic4302_tp",
                    "host_format": "FQDN",
                    "protocol": "TCPS",
                    "session_mode": "DIRECT",
                    "syntax_format": "LONG",
                    "tls_authentication": "SERVER",
                    "value": "(description= (retry_count=20)(retry_delay=3)(address=(protocol=tcps)(port=1521)(host=adb.us-ashburn-1.oraclecloud.com))(connect_data=(service_name=g25fe25c70e5806_ic4302_tp.adb.oraclecloud.com))(security=(ssl_server_dn_match=yes)))"
                  },
                  {
                    "consumer_group": "TPURGENT",
                    "display_name": "ic4302_tpurgent",
                    "host_format": "FQDN",
                    "protocol": "TCPS",
                    "session_mode": "DIRECT",
                    "syntax_format": "LONG",
                    "tls_authentication": "SERVER",
                    "value": "(description= (retry_count=20)(retry_delay=3)(address=(protocol=tcps)(port=1521)(host=adb.us-ashburn-1.oraclecloud.com))(connect_data=(service_name=g25fe25c70e5806_ic4302_tpurgent.adb.oraclecloud.com))(security=(ssl_server_dn_match=yes)))"
                  },
                  {
                    "consumer_group": "HIGH",
                    "display_name": "ic4302_high",
                    "host_format": "FQDN",
                    "protocol": "TCPS",
                    "session_mode": "DIRECT",
                    "syntax_format": "LONG",
                    "tls_authentication": "MUTUAL",
                    "value": "(description= (retry_count=20)(retry_delay=3)(address=(protocol=tcps)(port=1522)(host=adb.us-ashburn-1.oraclecloud.com))(connect_data=(service_name=g25fe25c70e5806_ic4302_high.adb.oraclecloud.com))(security=(ssl_server_dn_match=yes)))"
                  },
                  {
                    "consumer_group": "LOW",
                    "display_name": "ic4302_low",
                    "host_format": "FQDN",
                    "protocol": "TCPS",
                    "session_mode": "DIRECT",
                    "syntax_format": "LONG",
                    "tls_authentication": "MUTUAL",
                    "value": "(description= (retry_count=20)(retry_delay=3)(address=(protocol=tcps)(port=1522)(host=adb.us-ashburn-1.oraclecloud.com))(connect_data=(service_name=g25fe25c70e5806_ic4302_low.adb.oraclecloud.com))(security=(ssl_server_dn_match=yes)))"
                  },
                  {
                    "consumer_group": "MEDIUM",
                    "display_name": "ic4302_medium",
                    "host_format": "FQDN",
                    "protocol": "TCPS",
                    "session_mode": "DIRECT",
                    "syntax_format": "LONG",
                    "tls_authentication": "MUTUAL",
                    "value": "(description= (retry_count=20)(retry_delay=3)(address=(protocol=tcps)(port=1522)(host=adb.us-ashburn-1.oraclecloud.com))(connect_data=(service_name=g25fe25c70e5806_ic4302_medium.adb.oraclecloud.com))(security=(ssl_server_dn_match=yes)))"
                  },
                  {
                    "consumer_group": "TP",
                    "display_name": "ic4302_tp",
                    "host_format": "FQDN",
                    "protocol": "TCPS",
                    "session_mode": "DIRECT",
                    "syntax_format": "LONG",
                    "tls_authentication": "MUTUAL",
                    "value": "(description= (retry_count=20)(retry_delay=3)(address=(protocol=tcps)(port=1522)(host=adb.us-ashburn-1.oraclecloud.com))(connect_data=(service_name=g25fe25c70e5806_ic4302_tp.adb.oraclecloud.com))(security=(ssl_server_dn_match=yes)))"
                  },
                  {
                    "consumer_group": "TPURGENT",
                    "display_name": "ic4302_tpurgent",
                    "host_format": "FQDN",
                    "protocol": "TCPS",
                    "session_mode": "DIRECT",
                    "syntax_format": "LONG",
                    "tls_authentication": "MUTUAL",
                    "value": "(description= (retry_count=20)(retry_delay=3)(address=(protocol=tcps)(port=1522)(host=adb.us-ashburn-1.oraclecloud.com))(connect_data=(service_name=g25fe25c70e5806_ic4302_tpurgent.adb.oraclecloud.com))(security=(ssl_server_dn_match=yes)))"
                  }
                ]
              }
            ],
            "connection_urls": [
              {
                "apex_url": "https://G25FE25C70E5806-IC4302.adb.us-ashburn-1.oraclecloudapps.com/ords/apex",
                "graph_studio_url": "https://G25FE25C70E5806-IC4302.adb.us-ashburn-1.oraclecloudapps.com/graphstudio/",
                "machine_learning_user_management_url": "https://G25FE25C70E5806-IC4302.adb.us-ashburn-1.oraclecloudapps.com/omlusers/",
                "sql_dev_web_url": "https://G25FE25C70E5806-IC4302.adb.us-ashburn-1.oraclecloudapps.com/ords/sql-developer"
              }
            ],
            "cpu_core_count": 0,
            "customer_contacts": [],
            "data_safe_status": "NOT_REGISTERED",
            "data_storage_size_in_gb": 20,
            "data_storage_size_in_tbs": null,
            "database_edition": "",
            "database_management_status": "",
            "dataguard_region_type": "",
            "db_name": "ic4302",
            "db_version": "19c",
            "db_workload": "OLTP",
            "defined_tags": {
              "Oracle-Tags.CreatedBy": "default/justingilberto@estudiantec.cr",
              "Oracle-Tags.CreatedOn": "2023-10-13T06:36:02.029Z"
            },
            "disaster_recovery_region_type": "",
            "display_name": "QV71DPCG5SXCVK6R",
            "failed_data_recovery_in_seconds": null,
            "freeform_tags": {},
            "id": "ocid1.autonomousdatabase.oc1.iad.anuwcljsmu4gbzqa77wod64n5qyicnckkuiydua4udh2sxr5z3i63o4bsfnq",
            "in_memory_area_in_gbs": null,
            "in_memory_percentage": null,
            "infrastructure_type": "",
            "is_access_control_enabled": null,
            "is_auto_scaling_enabled": false,
            "is_auto_scaling_for_storage_enabled": false,
            "is_data_guard_enabled": false,
            "is_dedicated": false,
            "is_free_tier": true,
            "is_local_data_guard_enabled": false,
            "is_mtls_connection_required": false,
            "is_preview": false,
            "is_preview_version_with_service_terms_accepted": null,
            "is_reconnect_clone_enabled": false,
            "is_refreshable_clone": null,
            "is_remote_data_guard_enabled": false,
            "is_shrink_only": null,
            "key_history_entry": [
              {
                "id": "ORACLE_MANAGED_KEY",
                "kms_key_version_id": "",
                "time_activated": "2023-10-13 06:36:50.358 +0000 UTC",
                "vault_id": ""
              }
            ],
            "key_store_id": null,
            "key_store_wallet_name": null,
            "kms_key_id": "ORACLE_MANAGED_KEY",
            "kms_key_lifecycle_details": null,
            "kms_key_version_id": null,
            "license_model": "LICENSE_INCLUDED",
            "lifecycle_details": null,
            "local_adg_auto_failover_max_data_loss_limit": null,
            "local_disaster_recovery_type": "",
            "local_standby_db": [],
            "long_term_backup_schedule": [],
            "max_cpu_core_count": null,
            "memory_per_oracle_compute_unit_in_gbs": null,
            "ncharacter_set": "AL16UTF16",
            "next_long_term_backup_time_stamp": null,
            "nsg_ids": [],
            "ocpu_count": null,
            "open_mode": "READ_WRITE",
            "operations_insights_status": "NOT_ENABLED",
            "peer_db_ids": [],
            "permission_level": "UNRESTRICTED",
            "private_endpoint": null,
            "private_endpoint_ip": null,
            "private_endpoint_label": null,
            "provisionable_cpus": [],
            "refreshable_mode": null,
            "refreshable_status": "",
            "remote_disaster_recovery_configuration": [],
            "remote_disaster_recovery_type": null,
            "role": "",
            "rotate_key_trigger": null,
            "scheduled_operations": [],
            "secret_id": null,
            "secret_version_number": null,
            "service_console_url": null,
            "source": null,
            "source_id": null,
            "standby_db": [],
            "standby_whitelisted_ips": [],
            "state": "AVAILABLE",
            "subnet_id": null,
            "supported_regions_to_clone_to": [
              "GRU",
              "AMS",
              "LHR",
              "PHX",
              "SJC",
              "SCL",
              "QRO",
              "ORD"
            ],
            "switchover_to": null,
            "switchover_to_remote_peer_id": null,
            "system_tags": {
              "orcl-cloud.free-tier-retained": "true"
            },
            "time_created": "2023-10-13 06:36:02.049 +0000 UTC",
            "time_data_guard_role_changed": null,
            "time_deletion_of_free_autonomous_database": null,
            "time_disaster_recovery_role_changed": null,
            "time_local_data_guard_enabled": null,
            "time_maintenance_begin": "2023-10-14 19:00:00 +0000 UTC",
            "time_maintenance_end": "2023-10-14 21:00:00 +0000 UTC",
            "time_of_last_failover": null,
            "time_of_last_refresh": null,
            "time_of_last_refresh_point": null,
            "time_of_last_switchover": null,
            "time_of_next_refresh": null,
            "time_reclamation_of_free_autonomous_database": "2023-10-20 08:16:29.943 +0000 UTC",
            "time_until_reconnect_clone_enabled": null,
            "timeouts": null,
            "timestamp": null,
            "total_backup_storage_size_in_gbs": 0,
            "use_latest_available_backup_time_stamp": null,
            "used_data_storage_size_in_gbs": null,
            "used_data_storage_size_in_tbs": 1,
            "vault_id": null,
            "whitelisted_ips": [
              "129.213.44.196",
              "158.101.105.82",
              "193.122.159.192"
            ]
          },
          "sensitive_attributes": [],
          "private": "eyJlMmJmYjczMC1lY2FhLTExZTYtOGY4OC0zNDM2M2JjN2M0YzAiOnsiY3JlYXRlIjo0MzIwMDAwMDAwMDAwMCwiZGVsZXRlIjo0MzIwMDAwMDAwMDAwMCwidXBkYXRlIjo0MzIwMDAwMDAwMDAwMH19",
          "dependencies": [
            "data.cloudinit_config.vm01",
            "data.cloudinit_config.vm02",
            "data.cloudinit_config.vm03",
            "data.oci_identity_availability_domains.ads",
            "oci_core_instance.vm01",
            "oci_core_instance.vm02",
            "oci_core_instance.vm03",
            "oci_core_subnet.public"
          ]
        }
      ]
    },
    {
      "mode": "managed",
      "type": "oci_nosql_table",
      "name": "logs_table",
      "provider": "provider[\"registry.terraform.io/oracle/oci\"]",
      "instances": [
        {
          "schema_version": 0,
          "attributes": {
            "compartment_id": "ocid1.tenancy.oc1..aaaaaaaaazrw3t5sa6dacgzzh573u763zxazhcnve2ndfdgaebwgh6dxlptq",
            "ddl_statement": "CREATE TABLE IF NOT EXISTS ic4302_logs(logId STRING, title STRING, bagInfo JSON, timeStamp TIMESTAMP(3), PRIMARY KEY(SHARD(logId)))",
            "defined_tags": {
              "Oracle-Tags.CreatedBy": "default/justingilberto@estudiantec.cr",
              "Oracle-Tags.CreatedOn": "2023-10-13T06:34:52.411Z"
            },
            "freeform_tags": {},
            "id": "ocid1.nosqltable.oc1.iad.amaaaaaamu4gbzqanympefznwc76iidz32biok4evhxbpogdktqphyxj4s5q",
            "is_auto_reclaimable": false,
            "lifecycle_details": "The resource is ACTIVE",
            "name": "ic4302_logs",
            "schema": [
              {
                "columns": [
                  {
                    "default_value": "",
                    "is_as_uuid": false,
                    "is_generated": false,
                    "is_nullable": false,
                    "name": "logId",
                    "type": "STRING"
                  },
                  {
                    "default_value": "",
                    "is_as_uuid": false,
                    "is_generated": false,
                    "is_nullable": true,
                    "name": "title",
                    "type": "STRING"
                  },
                  {
                    "default_value": "",
                    "is_as_uuid": false,
                    "is_generated": false,
                    "is_nullable": true,
                    "name": "bagInfo",
                    "type": "JSON"
                  },
                  {
                    "default_value": "",
                    "is_as_uuid": false,
                    "is_generated": false,
                    "is_nullable": true,
                    "name": "timeStamp",
                    "type": "TIMESTAMP(3)"
                  }
                ],
                "identity": [],
                "primary_key": [
                  "logId"
                ],
                "shard_key": [
                  "logId"
                ],
                "ttl": 0
              }
            ],
            "state": "ACTIVE",
            "system_tags": {},
            "table_limits": [
              {
                "capacity_mode": "PROVISIONED",
                "max_read_units": 1,
                "max_storage_in_gbs": 1,
                "max_write_units": 1
              }
            ],
            "time_created": "2023-10-13 06:34:54.476 +0000 UTC",
            "time_of_expiration": null,
            "time_updated": "2023-10-13 06:34:57.575 +0000 UTC",
            "timeouts": null
          },
          "sensitive_attributes": [],
          "private": "eyJlMmJmYjczMC1lY2FhLTExZTYtOGY4OC0zNDM2M2JjN2M0YzAiOnsiY3JlYXRlIjoxMjAwMDAwMDAwMDAwLCJkZWxldGUiOjEyMDAwMDAwMDAwMDAsInVwZGF0ZSI6MTIwMDAwMDAwMDAwMH19"
        }
      ]
    },
    {
      "mode": "managed",
      "type": "oci_objectstorage_bucket",
      "name": "bucket",
      "provider": "provider[\"registry.terraform.io/oracle/oci\"]",
      "instances": [
        {
          "schema_version": 0,
          "attributes": {
            "access_type": "NoPublicAccess",
            "approximate_count": "0",
            "approximate_size": "0",
            "auto_tiering": "Disabled",
            "bucket_id": "ocid1.bucket.oc1.iad.aaaaaaaakv53o7sltzbnsvt2fjntk5ndls4kpeao3vzqrzuaocaqgc645ptq",
            "compartment_id": "ocid1.tenancy.oc1..aaaaaaaaazrw3t5sa6dacgzzh573u763zxazhcnve2ndfdgaebwgh6dxlptq",
            "created_by": "ocid1.user.oc1..aaaaaaaashik7hmu6usm4tpruwrubbs6h6e5lyix6lcu67odiuc7vbfcvotq",
            "defined_tags": {
              "Oracle-Tags.CreatedBy": "default/justingilberto@estudiantec.cr",
              "Oracle-Tags.CreatedOn": "2023-10-13T06:34:52.399Z"
            },
            "etag": "eb45f5f6-ee6e-4acf-badc-f808b0c0c323",
            "freeform_tags": {},
            "id": "n/idv0qk3j0dt6/b/ic4302",
            "is_read_only": false,
            "kms_key_id": null,
            "metadata": {},
            "name": "ic4302",
            "namespace": "idv0qk3j0dt6",
            "object_events_enabled": false,
            "object_lifecycle_policy_etag": null,
            "replication_enabled": false,
            "retention_rules": [],
            "storage_tier": "Standard",
            "time_created": "2023-10-13 06:34:52.412 +0000 UTC",
            "timeouts": null,
            "versioning": "Disabled"
          },
          "sensitive_attributes": [],
          "private": "eyJlMmJmYjczMC1lY2FhLTExZTYtOGY4OC0zNDM2M2JjN2M0YzAiOnsiY3JlYXRlIjoxMjAwMDAwMDAwMDAwLCJkZWxldGUiOjEyMDAwMDAwMDAwMDAsInVwZGF0ZSI6MTIwMDAwMDAwMDAwMH19",
          "dependencies": [
            "data.oci_objectstorage_namespace.namespace"
          ]
        }
      ]
    }
  ],
  "check_results": null
}
