{
  "version": 4,
  "terraform_version": "1.5.7",
  "serial": 450,
  "lineage": "6bce7a61-cc7c-546e-8804-29322dff5ce9",
  "outputs": {},
  "resources": [
    {
      "mode": "data",
      "type": "cloudinit_config",
      "name": "vm01",
      "provider": "provider[\"registry.terraform.io/hashicorp/cloudinit\"]",
      "instances": [
        {
          "schema_version": 0,
          "attributes": {
            "base64_encode": true,
            "boundary": "MIMEBOUNDARY",
            "gzip": true,
            "id": "1705231216",
            "part": [
              {
                "content": "#!/bin/bash\r\n\r\napt-get update\r\napt-get -y upgrade\r\napt-get -y install pip\r\napt-get remove  -y docker.io\r\napt-get remove  -y docker-doc\r\napt-get remove  -y docker-compose\r\napt-get remove  -y podman-docker\r\napt-get remove  -y containerd\r\napt-get remove  -y runc\r\napt-get remove  -y docker\r\napt-get install ca-certificates curl gnupg -y\r\napt-get install unzip -y\r\ninstall -m 0755 -d /etc/apt/keyrings\r\ncurl -fsSL https://download.docker.com/linux/ubuntu/gpg |  gpg --dearmor -o /etc/apt/keyrings/docker.gpg\r\nchmod a+r /etc/apt/keyrings/docker.gpg\r\necho \"deb [arch=\"$(dpkg --print-architecture)\" signed-by=/etc/apt/keyrings/docker.gpg] https://download.docker.com/linux/ubuntu \"$(. /etc/os-release \u0026\u0026 echo \"$VERSION_CODENAME\")\" stable\" | tee /etc/apt/sources.list.d/docker.list \u003e /dev/null\r\napt-get update -y\r\napt-get install docker-ce docker-ce-cli containerd.io docker-buildx-plugin docker-compose-plugin -y\r\ndocker run --name autonomous-infrastructure jcardonar/autonomous-infrastructure\r\n\r\n\r\n\r\n",
                "content_type": "text/x-shellscript",
                "filename": null,
                "merge_type": null
              }
            ],
            "rendered": "H4sIAAAAAAAA/4xUXWsbOxB9X/B/mLs3hFwuY+U+hIAvKaSJHwJ1AkkbKKUUrTReq9GOhDRK7ZIfX9aO63y4bvGDd845nDOjHe1ZYCEWfL+INIKueHFRJ1Gdm5P9H5pQ2Oq0OKknF5Px26sPl+en1x/rqq/wllJ2gUfw3/BwUA0qxKeiQfXTO2nOU0o4ZhOs43YEx42TJ4JluNBc1BzzjLzPJrkog2riOnqV8/dfqnGsGp1nfamjYEsCJVottKlxASW2SdvnmOMs2nuILm7wRF24J+h5G8wdpaELO1i0weyiTehiyLRVEoPtNONKuVVhAot2TMlupVPhXeEbaj2p0WgoiZs6o4UymJI8tFxiC7h4LS/83cUls0awg8PjoyNAC4rEKB1F3dEiOW7zoFra4TTfvIOZSMwjpWz4xj5oO3w8TBM65R2XuSpNYSmqjS08APR/iJZ06kICDK/t1aNDG9tBZWZdsKD/Tb/RkZkFqC018EknMzup9w5svOujYnIs2INOyEhJ9E8N2bVMFpvFyS7bz388HdR7B8NViyFjIk86E+zvw6qvvdvx9c3F1eWXs6vz8eXpZFz3PYhuPNXwAEK0GS+HkgzloXdZhnbdTV/BG1CW7hUX71/ega2vdb2atHlC492TbRu6sOaa4rydY/Sldfxiq9doH7Ji+pUERNYdgS4SOHShZHQ8TTpLKsuDhq9GJxtYJ/VLTX+dV7/n3xLEQfUjAAD//xK9x/eqBAAA"
          },
          "sensitive_attributes": []
        }
      ]
    },
    {
      "mode": "data",
      "type": "cloudinit_config",
      "name": "vm02",
      "provider": "provider[\"registry.terraform.io/hashicorp/cloudinit\"]",
      "instances": [
        {
          "schema_version": 0,
          "attributes": {
            "base64_encode": true,
            "boundary": "MIMEBOUNDARY",
            "gzip": true,
            "id": "3632891550",
            "part": [
              {
                "content": "#!/bin/bash\r\n\r\napt-get update\r\napt-get -y upgrade\r\napt-get -y install pip\r\napt-get remove  -y docker.io\r\napt-get remove  -y docker-doc\r\napt-get remove  -y docker-compose\r\napt-get remove  -y podman-docker\r\napt-get remove  -y containerd\r\napt-get remove  -y runc\r\napt-get remove  -y docker\r\napt-get install ca-certificates curl gnupg -y\r\napt-get install unzip -y\r\ninstall -m 0755 -d /etc/apt/keyrings\r\ncurl -fsSL https://download.docker.com/linux/ubuntu/gpg |  gpg --dearmor -o /etc/apt/keyrings/docker.gpg\r\nchmod a+r /etc/apt/keyrings/docker.gpg\r\necho \"deb [arch=\"$(dpkg --print-architecture)\" signed-by=/etc/apt/keyrings/docker.gpg] https://download.docker.com/linux/ubuntu \"$(. /etc/os-release \u0026\u0026 echo \"$VERSION_CODENAME\")\" stable\" | tee /etc/apt/sources.list.d/docker.list \u003e /dev/null\r\napt-get update -y\r\napt-get install docker-ce docker-ce-cli containerd.io docker-buildx-plugin docker-compose-plugin -y\r\ndocker run --name wiki-loader jcardonar/wiki-loader \r\n\r\n\r\n",
                "content_type": "text/x-shellscript",
                "filename": null,
                "merge_type": null
              }
            ],
            "rendered": "H4sIAAAAAAAA/4xUXWvbQBB8F+g/bNUQUsrq0ocQcEkhTfwQqBNI2kAppZzuNvLWp7vjPhK75McXxVHtxsbtk7Qzw8zuaU9nziayCT8vPI2gyyaxlyGJjuek30PjstUyLE6qycVk/PHqy+X56fXXqugrvKUQ2dkRvKsPy6IsENdFZfHHO0gb7yjg2Cqn2bYjOG44rQmewhPNk5hjnJIxUQX2qSwm3NFGzutXomErGhmnfSl9wpYSZK9lolWNC8i+DVL/jbGNSRoDnv0KD9S5e4Ke107NKNTsdrCondpFK9d5F2mrxDvdSYtL5VaFcjZJthT0Vjpkuyt8RQ2TKomKQuI7VjJRBJWDgdZm3wIuNuXZ/mL/xAwIdnB4fHQEqEFQUkL6JGa0CGzbWBZPdngXbz7BNCUfR0Jo92CNk7p+PkzlOmHY5rnITbYpi9a38AjQPxA1ydC5AOg27cWzQ+vbslDTzmmQb8M/dKSmDipNDXyTQU1Pqr0D7Wd9lA9sE/YgJ1IpB3pTQeTWksZmcbLL9vt/TwfV3kG9bNFFDGRIRoL9fVj2tXc7vr65uLr8cXZ1Pr48nYyrvockG0MVPEIiWo0XXQ6KYm04ploP3fQVfACh6V7YbMzLO7D1sw6rSas3VIbXtq1mN3BNZqPn6E1u2b7Y6gHtQ5ZMv5KAaGVH8MAzxv50KMBPJYN2VgaxjvZ3dvN3gVgWvwMAAP//BmYzhI0EAAA="
          },
          "sensitive_attributes": []
        }
      ]
    },
    {
      "mode": "data",
      "type": "cloudinit_config",
      "name": "vm03",
      "provider": "provider[\"registry.terraform.io/hashicorp/cloudinit\"]",
      "instances": [
        {
          "schema_version": 0,
          "attributes": {
            "base64_encode": true,
            "boundary": "MIMEBOUNDARY",
            "gzip": true,
            "id": "938561368",
            "part": [
              {
                "content": "#!/bin/bash\r\n\r\napt-get update\r\napt-get -y upgrade\r\napt-get -y install pip\r\napt-get remove  -y docker.io\r\napt-get remove  -y docker-doc\r\napt-get remove  -y docker-compose\r\napt-get remove  -y podman-docker\r\napt-get remove  -y containerd\r\napt-get remove  -y runc\r\napt-get remove  -y docker\r\napt-get install ca-certificates curl gnupg -y\r\napt-get install unzip -y\r\ninstall -m 0755 -d /etc/apt/keyrings\r\ncurl -fsSL https://download.docker.com/linux/ubuntu/gpg |  gpg --dearmor -o /etc/apt/keyrings/docker.gpg\r\nchmod a+r /etc/apt/keyrings/docker.gpg\r\necho \"deb [arch=\"$(dpkg --print-architecture)\" signed-by=/etc/apt/keyrings/docker.gpg] https://download.docker.com/linux/ubuntu \"$(. /etc/os-release \u0026\u0026 echo \"$VERSION_CODENAME\")\" stable\" | tee /etc/apt/sources.list.d/docker.list \u003e /dev/null\r\napt-get update -y\r\napt-get install docker-ce docker-ce-cli containerd.io docker-buildx-plugin docker-compose-plugin -y\r\n\r\n\r\nsudo docker run -d -p 5000:5000 --name flask-api jcardonar/api-wikidb\r\nsudo docker run -d -p 8080:80 --name webpage jcardonar/docker-react",
                "content_type": "text/x-shellscript",
                "filename": null,
                "merge_type": null
              }
            ],
            "rendered": "H4sIAAAAAAAA/4xUXWvbQBB8F/g/bNUQUsr61IeQ4JJCmvghUCeQtIFSSjndreWtT3fHfSR2yY8vSqLYTVy3GCztzmh2VhrpxNlENuHnpacRtNkk9jIk0fKC9HuoXbZahuVROTmbjD9efDk/Pb78WhZdhdcUIjs7gnfDalAMCsR10qB40g7SxikFHFvlNNtmBAc1pzXC/fBEiyQWGGdkTFSBfRoUE27pxZzXr0TNVtQyzrpS+oQNJchey0SrGpeQfROk/rPHNiZpDHj2q36g1t0QdLh2ak5hyG4LitqpbbByrXeRNlK80620+MDcyFDOJsmWgt4Ih2y3DV9B/aZKoqKQeMpKJoqgcjDQ2OwbwOVLera/2N8jfQdbqA729wE1CEpKSJ/EnJaBbRMHxb0cTuPVJ5il5ONICO1urXFSDx9vpnKtMGzzQuQ625RF4xu4A+gOiJpkaF0AdC/lxaNC45tBoWat0yDfhn/wSM0clJpq+CaDmh2VO3vaz7tRPrBN2DU5kUo50JsSIjeWNNbLo22y3/97Oyh39oYPFl3EQIZkJNjdhQdfO9fjy6uzi/MfJxen4/PjybjsPCRZGyrhDhLRar3oclAUh4ZjGureTVfBBxCaboTNxjx/BzY+1j6atDpDZXgtbUN2PVZnNnqB3uSG7bNU991uSPeLWffXddnsUoIe9quqGnV/gGhlSzA1Ms5ReoafSgbtrAxCesZbnrOu/yZzWB1Wo8MnkVuqvWxoTeLRWyCp0vNPEOKg+B0AAP////MrkeEEAAA="
          },
          "sensitive_attributes": []
        }
      ]
    },
    {
      "mode": "data",
      "type": "oci_identity_availability_domains",
      "name": "ads",
      "provider": "provider[\"registry.terraform.io/oracle/oci\"]",
      "instances": [
        {
          "schema_version": 0,
          "attributes": {
            "availability_domains": [
              {
                "compartment_id": "ocid1.tenancy.oc1..aaaaaaaaazrw3t5sa6dacgzzh573u763zxazhcnve2ndfdgaebwgh6dxlptq",
                "id": "ocid1.availabilitydomain.oc1..aaaaaaaaztunlny6ae4yw2vghp5go2zceaonwp6wiioe3tnh2vlaxjjl2n3a",
                "name": "rzTK:US-ASHBURN-AD-1"
              },
              {
                "compartment_id": "ocid1.tenancy.oc1..aaaaaaaaazrw3t5sa6dacgzzh573u763zxazhcnve2ndfdgaebwgh6dxlptq",
                "id": "ocid1.availabilitydomain.oc1..aaaaaaaatrwxaogr7dl4yschqtrmqrdv6uzis3mgbnomiagqrfhcb7mxsfdq",
                "name": "rzTK:US-ASHBURN-AD-2"
              },
              {
                "compartment_id": "ocid1.tenancy.oc1..aaaaaaaaazrw3t5sa6dacgzzh573u763zxazhcnve2ndfdgaebwgh6dxlptq",
                "id": "ocid1.availabilitydomain.oc1..aaaaaaaauvt2n7pijol7uqgdnnsoojcukrijtmcltvfwxazmitk235wyohta",
                "name": "rzTK:US-ASHBURN-AD-3"
              }
            ],
            "compartment_id": "ocid1.tenancy.oc1..aaaaaaaaazrw3t5sa6dacgzzh573u763zxazhcnve2ndfdgaebwgh6dxlptq",
            "filter": null,
            "id": "IdentityAvailabilityDomainsDataSource-1556544795"
          },
          "sensitive_attributes": []
        }
      ]
    },
    {
      "mode": "data",
      "type": "oci_objectstorage_namespace",
      "name": "namespace",
      "provider": "provider[\"registry.terraform.io/oracle/oci\"]",
      "instances": [
        {
          "schema_version": 0,
          "attributes": {
            "compartment_id": "ocid1.tenancy.oc1..aaaaaaaaazrw3t5sa6dacgzzh573u763zxazhcnve2ndfdgaebwgh6dxlptq",
            "id": "ObjectStorageNamespaceDataSource-1556544795",
            "namespace": "idv0qk3j0dt6"
          },
          "sensitive_attributes": []
        }
      ]
    },
    {
      "mode": "managed",
      "type": "oci_core_instance",
      "name": "vm02",
      "provider": "provider[\"registry.terraform.io/oracle/oci\"]",
      "instances": []
    },
    {
      "mode": "managed",
      "type": "oci_core_instance",
      "name": "vm03",
      "provider": "provider[\"registry.terraform.io/oracle/oci\"]",
      "instances": []
    },
    {
      "mode": "managed",
      "type": "oci_core_internet_gateway",
      "name": "ig",
      "provider": "provider[\"registry.terraform.io/oracle/oci\"]",
      "instances": [
        {
          "schema_version": 0,
          "attributes": {
            "compartment_id": "ocid1.tenancy.oc1..aaaaaaaaazrw3t5sa6dacgzzh573u763zxazhcnve2ndfdgaebwgh6dxlptq",
            "defined_tags": {
              "Oracle-Tags.CreatedBy": "default/justingilberto@estudiantec.cr",
              "Oracle-Tags.CreatedOn": "2023-10-14T00:10:30.304Z"
            },
            "display_name": "ig",
            "enabled": true,
            "freeform_tags": {
              "Name": "ig"
            },
            "id": "ocid1.internetgateway.oc1.iad.aaaaaaaawdoj5nvml3xkrjavcewuzxgskbwrvgxfphncyzjtutvm7bdql76a",
            "route_table_id": null,
            "state": "AVAILABLE",
            "time_created": "2023-10-14 00:10:30.348 +0000 UTC",
            "timeouts": null,
            "vcn_id": "ocid1.vcn.oc1.iad.amaaaaaamu4gbzqauze3n7nlxpdhw33lm4fxrxy3mnqyzqvdyzk5xgse354q"
          },
          "sensitive_attributes": [],
          "private": "eyJlMmJmYjczMC1lY2FhLTExZTYtOGY4OC0zNDM2M2JjN2M0YzAiOnsiY3JlYXRlIjoxMjAwMDAwMDAwMDAwLCJkZWxldGUiOjEyMDAwMDAwMDAwMDAsInVwZGF0ZSI6MTIwMDAwMDAwMDAwMH19",
          "dependencies": [
            "oci_core_vcn.network"
          ]
        }
      ]
    },
    {
      "mode": "managed",
      "type": "oci_core_route_table",
      "name": "public_rt",
      "provider": "provider[\"registry.terraform.io/oracle/oci\"]",
      "instances": [
        {
          "schema_version": 0,
          "attributes": {
            "compartment_id": "ocid1.tenancy.oc1..aaaaaaaaazrw3t5sa6dacgzzh573u763zxazhcnve2ndfdgaebwgh6dxlptq",
            "defined_tags": {
              "Oracle-Tags.CreatedBy": "default/justingilberto@estudiantec.cr",
              "Oracle-Tags.CreatedOn": "2023-10-14T00:10:31.196Z"
            },
            "display_name": "public_rt",
            "freeform_tags": {
              "Name": "public_rt"
            },
            "id": "ocid1.routetable.oc1.iad.aaaaaaaar7jmwi4xdrpn632ksrh7xvi24steszcmqbhmnrn2oi7nidbtk7nq",
            "route_rules": [
              {
                "cidr_block": "",
                "description": "",
                "destination": "0.0.0.0/0",
                "destination_type": "CIDR_BLOCK",
                "network_entity_id": "ocid1.internetgateway.oc1.iad.aaaaaaaawdoj5nvml3xkrjavcewuzxgskbwrvgxfphncyzjtutvm7bdql76a",
                "route_type": ""
              }
            ],
            "state": "AVAILABLE",
            "time_created": "2023-10-14 00:10:31.22 +0000 UTC",
            "timeouts": null,
            "vcn_id": "ocid1.vcn.oc1.iad.amaaaaaamu4gbzqauze3n7nlxpdhw33lm4fxrxy3mnqyzqvdyzk5xgse354q"
          },
          "sensitive_attributes": [],
          "private": "eyJlMmJmYjczMC1lY2FhLTExZTYtOGY4OC0zNDM2M2JjN2M0YzAiOnsiY3JlYXRlIjoxMjAwMDAwMDAwMDAwLCJkZWxldGUiOjEyMDAwMDAwMDAwMDAsInVwZGF0ZSI6MTIwMDAwMDAwMDAwMH19",
          "dependencies": [
            "oci_core_internet_gateway.ig",
            "oci_core_vcn.network"
          ]
        }
      ]
    },
    {
      "mode": "managed",
      "type": "oci_core_route_table_attachment",
      "name": "public_rt_attachment",
      "provider": "provider[\"registry.terraform.io/oracle/oci\"]",
      "instances": [
        {
          "schema_version": 0,
          "attributes": {
            "id": "ocid1.subnet.oc1.iad.aaaaaaaa3swcoxruxv4c75hfhvhhi6hmwteitzr7efxoeouwfej247d43k5a/ocid1.routetable.oc1.iad.aaaaaaaar7jmwi4xdrpn632ksrh7xvi24steszcmqbhmnrn2oi7nidbtk7nq",
            "route_table_id": "ocid1.routetable.oc1.iad.aaaaaaaar7jmwi4xdrpn632ksrh7xvi24steszcmqbhmnrn2oi7nidbtk7nq",
            "subnet_id": "ocid1.subnet.oc1.iad.aaaaaaaa3swcoxruxv4c75hfhvhhi6hmwteitzr7efxoeouwfej247d43k5a",
            "timeouts": null
          },
          "sensitive_attributes": [],
          "private": "eyJlMmJmYjczMC1lY2FhLTExZTYtOGY4OC0zNDM2M2JjN2M0YzAiOnsiY3JlYXRlIjoxMjAwMDAwMDAwMDAwLCJkZWxldGUiOjEyMDAwMDAwMDAwMDAsInVwZGF0ZSI6MTIwMDAwMDAwMDAwMH19",
          "dependencies": [
            "oci_core_internet_gateway.ig",
            "oci_core_route_table.public_rt",
            "oci_core_security_list.security_list",
            "oci_core_subnet.public",
            "oci_core_vcn.network"
          ]
        }
      ]
    },
    {
      "mode": "managed",
      "type": "oci_core_security_list",
      "name": "security_list",
      "provider": "provider[\"registry.terraform.io/oracle/oci\"]",
      "instances": [
        {
          "schema_version": 0,
          "attributes": {
            "compartment_id": "ocid1.tenancy.oc1..aaaaaaaaazrw3t5sa6dacgzzh573u763zxazhcnve2ndfdgaebwgh6dxlptq",
            "defined_tags": {
              "Oracle-Tags.CreatedBy": "default/justingilberto@estudiantec.cr",
              "Oracle-Tags.CreatedOn": "2023-10-14T00:10:30.617Z"
            },
            "display_name": "security_list",
            "egress_security_rules": [
              {
                "description": "",
                "destination": "0.0.0.0/0",
                "destination_type": "CIDR_BLOCK",
                "icmp_options": [],
                "protocol": "all",
                "stateless": false,
                "tcp_options": [],
                "udp_options": []
              }
            ],
            "freeform_tags": {},
            "id": "ocid1.securitylist.oc1.iad.aaaaaaaauzu6n4agglmxqxsatgn3k6v6f3jwekwnyj4jm4ctndt5lallg2za",
            "ingress_security_rules": [
              {
                "description": "",
                "icmp_options": [],
                "protocol": "6",
                "source": "0.0.0.0/0",
                "source_type": "CIDR_BLOCK",
                "stateless": false,
                "tcp_options": [
                  {
                    "max": 22,
                    "min": 22,
                    "source_port_range": []
                  }
                ],
                "udp_options": []
              },
              {
                "description": "",
                "icmp_options": [],
                "protocol": "6",
                "source": "0.0.0.0/0",
                "source_type": "CIDR_BLOCK",
                "stateless": false,
                "tcp_options": [
                  {
                    "max": 443,
                    "min": 443,
                    "source_port_range": []
                  }
                ],
                "udp_options": []
              },
              {
                "description": "",
                "icmp_options": [],
                "protocol": "6",
                "source": "0.0.0.0/0",
                "source_type": "CIDR_BLOCK",
                "stateless": false,
                "tcp_options": [
                  {
                    "max": 5000,
                    "min": 5000,
                    "source_port_range": []
                  }
                ],
                "udp_options": []
              },
              {
                "description": "",
                "icmp_options": [],
                "protocol": "6",
                "source": "0.0.0.0/0",
                "source_type": "CIDR_BLOCK",
                "stateless": false,
                "tcp_options": [
                  {
                    "max": 8080,
                    "min": 8080,
                    "source_port_range": []
                  }
                ],
                "udp_options": []
              },
              {
                "description": "",
                "icmp_options": [],
                "protocol": "6",
                "source": "0.0.0.0/0",
                "source_type": "CIDR_BLOCK",
                "stateless": false,
                "tcp_options": [
                  {
                    "max": 80,
                    "min": 80,
                    "source_port_range": []
                  }
                ],
                "udp_options": []
              }
            ],
            "state": "AVAILABLE",
            "time_created": "2023-10-14 00:10:30.69 +0000 UTC",
            "timeouts": null,
            "vcn_id": "ocid1.vcn.oc1.iad.amaaaaaamu4gbzqauze3n7nlxpdhw33lm4fxrxy3mnqyzqvdyzk5xgse354q"
          },
          "sensitive_attributes": [],
          "private": "eyJlMmJmYjczMC1lY2FhLTExZTYtOGY4OC0zNDM2M2JjN2M0YzAiOnsiY3JlYXRlIjoxMjAwMDAwMDAwMDAwLCJkZWxldGUiOjEyMDAwMDAwMDAwMDAsInVwZGF0ZSI6MTIwMDAwMDAwMDAwMH19",
          "dependencies": [
            "oci_core_vcn.network"
          ]
        }
      ]
    },
    {
      "mode": "managed",
      "type": "oci_core_subnet",
      "name": "public",
      "provider": "provider[\"registry.terraform.io/oracle/oci\"]",
      "instances": [
        {
          "schema_version": 0,
          "attributes": {
            "availability_domain": null,
            "cidr_block": "192.168.1.0/24",
            "compartment_id": "ocid1.tenancy.oc1..aaaaaaaaazrw3t5sa6dacgzzh573u763zxazhcnve2ndfdgaebwgh6dxlptq",
            "defined_tags": {
              "Oracle-Tags.CreatedBy": "default/justingilberto@estudiantec.cr",
              "Oracle-Tags.CreatedOn": "2023-10-14T00:10:31.852Z"
            },
            "dhcp_options_id": "ocid1.dhcpoptions.oc1.iad.aaaaaaaae3p2l7ftgd5r44d757enutjyealwzkiaxbmunek6cu77rjiy463a",
            "display_name": "public",
            "dns_label": null,
            "freeform_tags": {
              "Name": "public"
            },
            "id": "ocid1.subnet.oc1.iad.aaaaaaaa3swcoxruxv4c75hfhvhhi6hmwteitzr7efxoeouwfej247d43k5a",
            "ipv6cidr_block": null,
            "ipv6cidr_blocks": [],
            "ipv6virtual_router_ip": null,
            "prohibit_internet_ingress": false,
            "prohibit_public_ip_on_vnic": false,
            "route_table_id": "ocid1.routetable.oc1.iad.aaaaaaaar7jmwi4xdrpn632ksrh7xvi24steszcmqbhmnrn2oi7nidbtk7nq",
            "security_list_ids": [
              "ocid1.securitylist.oc1.iad.aaaaaaaauzu6n4agglmxqxsatgn3k6v6f3jwekwnyj4jm4ctndt5lallg2za"
            ],
            "state": "AVAILABLE",
            "subnet_domain_name": null,
            "time_created": "2023-10-14 00:10:31.915 +0000 UTC",
            "timeouts": null,
            "vcn_id": "ocid1.vcn.oc1.iad.amaaaaaamu4gbzqauze3n7nlxpdhw33lm4fxrxy3mnqyzqvdyzk5xgse354q",
            "virtual_router_ip": "192.168.1.1",
            "virtual_router_mac": "00:00:17:81:AA:1D"
          },
          "sensitive_attributes": [],
          "private": "eyJlMmJmYjczMC1lY2FhLTExZTYtOGY4OC0zNDM2M2JjN2M0YzAiOnsiY3JlYXRlIjoxMjAwMDAwMDAwMDAwLCJkZWxldGUiOjEyMDAwMDAwMDAwMDAsInVwZGF0ZSI6MTIwMDAwMDAwMDAwMH19",
          "dependencies": [
            "oci_core_internet_gateway.ig",
            "oci_core_route_table.public_rt",
            "oci_core_security_list.security_list",
            "oci_core_vcn.network"
          ]
        }
      ]
    },
    {
      "mode": "managed",
      "type": "oci_core_vcn",
      "name": "network",
      "provider": "provider[\"registry.terraform.io/oracle/oci\"]",
      "instances": [
        {
          "schema_version": 0,
          "attributes": {
            "byoipv6cidr_blocks": [],
            "byoipv6cidr_details": null,
            "cidr_block": "192.168.0.0/16",
            "cidr_blocks": [
              "192.168.0.0/16"
            ],
            "compartment_id": "ocid1.tenancy.oc1..aaaaaaaaazrw3t5sa6dacgzzh573u763zxazhcnve2ndfdgaebwgh6dxlptq",
            "default_dhcp_options_id": "ocid1.dhcpoptions.oc1.iad.aaaaaaaae3p2l7ftgd5r44d757enutjyealwzkiaxbmunek6cu77rjiy463a",
            "default_route_table_id": "ocid1.routetable.oc1.iad.aaaaaaaaoenfaxb6yselpvxdba5byv3ny7wzplyc5wdlpz2majvu3m722kua",
            "default_security_list_id": "ocid1.securitylist.oc1.iad.aaaaaaaaimqpysddu5xr636rze26rfllgtol7ue5khp3fq7yjy2cews4uvxa",
            "defined_tags": {
              "Oracle-Tags.CreatedBy": "default/justingilberto@estudiantec.cr",
              "Oracle-Tags.CreatedOn": "2023-10-14T00:10:29.314Z"
            },
            "display_name": "network",
            "dns_label": null,
            "freeform_tags": {
              "Name": "tec"
            },
            "id": "ocid1.vcn.oc1.iad.amaaaaaamu4gbzqauze3n7nlxpdhw33lm4fxrxy3mnqyzqvdyzk5xgse354q",
            "ipv6cidr_blocks": [],
            "ipv6private_cidr_blocks": [],
            "is_ipv6enabled": false,
            "is_oracle_gua_allocation_enabled": null,
            "state": "AVAILABLE",
            "time_created": "2023-10-14 00:10:29.445 +0000 UTC",
            "timeouts": null,
            "vcn_domain_name": null
          },
          "sensitive_attributes": [],
          "private": "eyJlMmJmYjczMC1lY2FhLTExZTYtOGY4OC0zNDM2M2JjN2M0YzAiOnsiY3JlYXRlIjoxMjAwMDAwMDAwMDAwLCJkZWxldGUiOjEyMDAwMDAwMDAwMDAsInVwZGF0ZSI6MTIwMDAwMDAwMDAwMH19"
        }
      ]
    },
    {
      "mode": "managed",
      "type": "oci_database_autonomous_database",
      "name": "autonomous_database",
      "provider": "provider[\"registry.terraform.io/oracle/oci\"]",
      "instances": []
    },
    {
      "mode": "managed",
      "type": "oci_nosql_table",
      "name": "logs_table",
      "provider": "provider[\"registry.terraform.io/oracle/oci\"]",
      "instances": [
        {
          "schema_version": 0,
          "attributes": {
            "compartment_id": "ocid1.tenancy.oc1..aaaaaaaaazrw3t5sa6dacgzzh573u763zxazhcnve2ndfdgaebwgh6dxlptq",
            "ddl_statement": "CREATE TABLE IF NOT EXISTS ic4302_logs(logId STRING, title STRING, bagInfo JSON, timeStamp TIMESTAMP(3), PRIMARY KEY(SHARD(logId)))",
            "defined_tags": {
              "Oracle-Tags.CreatedBy": "default/justingilberto@estudiantec.cr",
              "Oracle-Tags.CreatedOn": "2023-10-14T00:10:29.432Z"
            },
            "freeform_tags": {},
            "id": "ocid1.nosqltable.oc1.iad.amaaaaaamu4gbzqaxmxupjtapwlvl7ibcyvc7o64ju4aducxrqn2fhjrgv4q",
            "is_auto_reclaimable": false,
            "lifecycle_details": "The resource is ACTIVE",
            "name": "ic4302_logs",
            "schema": [
              {
                "columns": [
                  {
                    "default_value": "",
                    "is_as_uuid": false,
                    "is_generated": false,
                    "is_nullable": false,
                    "name": "logId",
                    "type": "STRING"
                  },
                  {
                    "default_value": "",
                    "is_as_uuid": false,
                    "is_generated": false,
                    "is_nullable": true,
                    "name": "title",
                    "type": "STRING"
                  },
                  {
                    "default_value": "",
                    "is_as_uuid": false,
                    "is_generated": false,
                    "is_nullable": true,
                    "name": "bagInfo",
                    "type": "JSON"
                  },
                  {
                    "default_value": "",
                    "is_as_uuid": false,
                    "is_generated": false,
                    "is_nullable": true,
                    "name": "timeStamp",
                    "type": "TIMESTAMP(3)"
                  }
                ],
                "identity": [],
                "primary_key": [
                  "logId"
                ],
                "shard_key": [
                  "logId"
                ],
                "ttl": 0
              }
            ],
            "state": "ACTIVE",
            "system_tags": {},
            "table_limits": [
              {
                "capacity_mode": "PROVISIONED",
                "max_read_units": 1,
                "max_storage_in_gbs": 1,
                "max_write_units": 1
              }
            ],
            "time_created": "2023-10-14 00:10:31.495 +0000 UTC",
            "time_of_expiration": null,
            "time_updated": "2023-10-14 00:10:32.99 +0000 UTC",
            "timeouts": null
          },
          "sensitive_attributes": [],
          "private": "eyJlMmJmYjczMC1lY2FhLTExZTYtOGY4OC0zNDM2M2JjN2M0YzAiOnsiY3JlYXRlIjoxMjAwMDAwMDAwMDAwLCJkZWxldGUiOjEyMDAwMDAwMDAwMDAsInVwZGF0ZSI6MTIwMDAwMDAwMDAwMH19"
        }
      ]
    },
    {
      "mode": "managed",
      "type": "oci_objectstorage_bucket",
      "name": "bucket",
      "provider": "provider[\"registry.terraform.io/oracle/oci\"]",
      "instances": [
        {
          "schema_version": 0,
          "attributes": {
            "access_type": "NoPublicAccess",
            "approximate_count": "0",
            "approximate_size": "0",
            "auto_tiering": "Disabled",
            "bucket_id": "ocid1.bucket.oc1.iad.aaaaaaaa3ycnfnlwda5s3md3klcys535wy54gsibthymatmqrnvoaw5qvhza",
            "compartment_id": "ocid1.tenancy.oc1..aaaaaaaaazrw3t5sa6dacgzzh573u763zxazhcnve2ndfdgaebwgh6dxlptq",
            "created_by": "ocid1.user.oc1..aaaaaaaashik7hmu6usm4tpruwrubbs6h6e5lyix6lcu67odiuc7vbfcvotq",
            "defined_tags": {
              "Oracle-Tags.CreatedBy": "default/justingilberto@estudiantec.cr",
              "Oracle-Tags.CreatedOn": "2023-10-14T00:10:29.408Z"
            },
            "etag": "9bbbab73-c61f-475f-a7d1-2ead8925f6c4",
            "freeform_tags": {},
            "id": "n/idv0qk3j0dt6/b/ic4302",
            "is_read_only": false,
            "kms_key_id": null,
            "metadata": null,
            "name": "ic4302",
            "namespace": "idv0qk3j0dt6",
            "object_events_enabled": false,
            "object_lifecycle_policy_etag": null,
            "replication_enabled": false,
            "retention_rules": [],
            "storage_tier": "Standard",
            "time_created": "2023-10-14 00:10:29.473 +0000 UTC",
            "timeouts": null,
            "versioning": "Disabled"
          },
          "sensitive_attributes": [],
          "private": "eyJlMmJmYjczMC1lY2FhLTExZTYtOGY4OC0zNDM2M2JjN2M0YzAiOnsiY3JlYXRlIjoxMjAwMDAwMDAwMDAwLCJkZWxldGUiOjEyMDAwMDAwMDAwMDAsInVwZGF0ZSI6MTIwMDAwMDAwMDAwMH19",
          "dependencies": [
            "data.oci_objectstorage_namespace.namespace"
          ]
        }
      ]
    }
  ],
  "check_results": null
}
