{
  "version": 4,
  "terraform_version": "1.5.7",
  "serial": 45,
  "lineage": "6bce7a61-cc7c-546e-8804-29322dff5ce9",
  "outputs": {
    "vm01_connect": {
      "value": "ssh -i ssh/db2 ubuntu@150.136.96.31",
      "type": "string"
    }
  },
  "resources": [
    {
      "mode": "data",
      "type": "cloudinit_config",
      "name": "vm01",
      "provider": "provider[\"registry.terraform.io/hashicorp/cloudinit\"]",
      "instances": [
        {
          "schema_version": 0,
          "attributes": {
            "base64_encode": true,
            "boundary": "MIMEBOUNDARY",
            "gzip": true,
            "id": "3270389597",
            "part": [
              {
                "content": "#!/bin/bash\r\n\r\napt-get update\r\napt-get -y upgrade\r\napt-get -y install pip\r\napt-get remove  -y docker.io\r\napt-get remove  -y docker-doc\r\napt-get remove  -y docker-compose\r\napt-get remove  -y podman-docker\r\napt-get remove  -y containerd\r\napt-get remove  -y runc\r\napt-get remove  -y docker\r\napt-get install ca-certificates curl gnupg -y\r\napt-get install unzip -y\r\ninstall -m 0755 -d /etc/apt/keyrings\r\ncurl -fsSL https://download.docker.com/linux/ubuntu/gpg |  gpg --dearmor -o /etc/apt/keyrings/docker.gpg\r\nchmod a+r /etc/apt/keyrings/docker.gpg\r\necho \"deb [arch=\"$(dpkg --print-architecture)\" signed-by=/etc/apt/keyrings/docker.gpg] https://download.docker.com/linux/ubuntu \"$(. /etc/os-release \u0026\u0026 echo \"$VERSION_CODENAME\")\" stable\" | tee /etc/apt/sources.list.d/docker.list \u003e /dev/null\r\napt-get update -y\r\napt-get install docker-ce docker-ce-cli containerd.io docker-buildx-plugin docker-compose-plugin -y\r\ndocker run -d -p 80:5000 --name helloflask nereo08/helloflask\r\n",
                "content_type": "text/x-shellscript",
                "filename": null,
                "merge_type": null
              }
            ],
            "rendered": "H4sIAAAAAAAA/4xU0WobOxB9X9h/mLs3hFwus9o+hASXFNLED4E6gaQNlFKKVhqvhbWSkEapXfLxZeO4TmPj9ml3zjnMmdk90oV3TI7x4zLQCPps2QQZWfRmQfottD47LePyrJpcTcbvbz5dX57ffq6KocJ7isl4N4I3dVMWZYH4UlQWv3pH6dKUIo6d8tq4bgQnreEXgidzpgWLBaYZWZtUNIHLYmJ62vL59x/RGidamWZDKQNjRww5aMm0qXEJOXRR6t8x4xJLayGYsMEj9f6BYOC1V3OKtfF7WNRe7aOV74NPtFMSvO6lw5Vyp0J5x9I4inonHbPbZ76h1psqiYoim6lRkimBytFC53LoAJfb8ux+mPDErBHsoTk5PgbUIIiVkIHFnJbRuC6VxVM7nKa7DzBjDmkkhPbfnfVS188fU/leWOPyQuQ2O86iCx08AgwPRE0y9j4C+u324rlDF7qyULPea5D/xz/oSM08VJpa+CKjmp1VB0c6zAerEI1jHEDDpDhH+q+CZDpHGtvl2b62X/96O6gOjurViD5hJEsyERwewmqug/vx7d3VzfW3i5vL8fX5ZFwNM7BsLVXwCEy0WS/5HBWl2prEtV5PM1TwDoSmB+Gyta/PwM7fuo4mbd5QWfMibbXxa67NxuoFBps7416leo0OJitmiOQQDgxw2oyOm6YBRCd7guEs+6mVaQ6OIvnmVGyg7TsDsSx+BgAA//+S7KG6kgQAAA=="
          },
          "sensitive_attributes": []
        }
      ]
    },
    {
      "mode": "data",
      "type": "oci_identity_availability_domains",
      "name": "ads",
      "provider": "provider[\"registry.terraform.io/oracle/oci\"]",
      "instances": [
        {
          "schema_version": 0,
          "attributes": {
            "availability_domains": [
              {
                "compartment_id": "ocid1.tenancy.oc1..aaaaaaaaazrw3t5sa6dacgzzh573u763zxazhcnve2ndfdgaebwgh6dxlptq",
                "id": "ocid1.availabilitydomain.oc1..aaaaaaaaztunlny6ae4yw2vghp5go2zceaonwp6wiioe3tnh2vlaxjjl2n3a",
                "name": "rzTK:US-ASHBURN-AD-1"
              },
              {
                "compartment_id": "ocid1.tenancy.oc1..aaaaaaaaazrw3t5sa6dacgzzh573u763zxazhcnve2ndfdgaebwgh6dxlptq",
                "id": "ocid1.availabilitydomain.oc1..aaaaaaaatrwxaogr7dl4yschqtrmqrdv6uzis3mgbnomiagqrfhcb7mxsfdq",
                "name": "rzTK:US-ASHBURN-AD-2"
              },
              {
                "compartment_id": "ocid1.tenancy.oc1..aaaaaaaaazrw3t5sa6dacgzzh573u763zxazhcnve2ndfdgaebwgh6dxlptq",
                "id": "ocid1.availabilitydomain.oc1..aaaaaaaauvt2n7pijol7uqgdnnsoojcukrijtmcltvfwxazmitk235wyohta",
                "name": "rzTK:US-ASHBURN-AD-3"
              }
            ],
            "compartment_id": "ocid1.tenancy.oc1..aaaaaaaaazrw3t5sa6dacgzzh573u763zxazhcnve2ndfdgaebwgh6dxlptq",
            "filter": null,
            "id": "IdentityAvailabilityDomainsDataSource-1556544795"
          },
          "sensitive_attributes": []
        }
      ]
    },
    {
      "mode": "data",
      "type": "oci_objectstorage_namespace",
      "name": "namespace",
      "provider": "provider[\"registry.terraform.io/oracle/oci\"]",
      "instances": [
        {
          "schema_version": 0,
          "attributes": {
            "compartment_id": "ocid1.tenancy.oc1..aaaaaaaaazrw3t5sa6dacgzzh573u763zxazhcnve2ndfdgaebwgh6dxlptq",
            "id": "ObjectStorageNamespaceDataSource-1556544795",
            "namespace": "idv0qk3j0dt6"
          },
          "sensitive_attributes": []
        }
      ]
    },
    {
      "mode": "managed",
      "type": "oci_core_instance",
      "name": "vm01",
      "provider": "provider[\"registry.terraform.io/oracle/oci\"]",
      "instances": [
        {
          "schema_version": 0,
          "attributes": {
            "agent_config": [
              {
                "are_all_plugins_disabled": false,
                "is_management_disabled": false,
                "is_monitoring_disabled": false,
                "plugins_config": []
              }
            ],
            "async": null,
            "availability_config": [
              {
                "is_live_migration_preferred": false,
                "recovery_action": "RESTORE_INSTANCE"
              }
            ],
            "availability_domain": "rzTK:US-ASHBURN-AD-1",
            "boot_volume_id": "ocid1.bootvolume.oc1.iad.abuwcljs7oenky4ijtgzquuclqc6swl4o5mmmwbcgo6dcxzo5ks7lv4clyla",
            "capacity_reservation_id": null,
            "compartment_id": "ocid1.tenancy.oc1..aaaaaaaaazrw3t5sa6dacgzzh573u763zxazhcnve2ndfdgaebwgh6dxlptq",
            "compute_cluster_id": null,
            "create_vnic_details": [
              {
                "assign_ipv6ip": false,
                "assign_private_dns_record": false,
                "assign_public_ip": "true",
                "defined_tags": {
                  "Oracle-Tags.CreatedBy": "default/justingilberto@estudiantec.cr",
                  "Oracle-Tags.CreatedOn": "2023-09-28T06:57:34.477Z"
                },
                "display_name": "vm01",
                "freeform_tags": {
                  "Name": "vm01"
                },
                "hostname_label": "",
                "ipv6address_ipv6subnet_cidr_pair_details": [],
                "nsg_ids": [],
                "private_ip": "192.168.1.121",
                "skip_source_dest_check": false,
                "subnet_id": "ocid1.subnet.oc1.iad.aaaaaaaa6fvp3lm7bqqzbvf5523idmx2lefvqdctfk773hjlbwc6bb7wwexq",
                "vlan_id": ""
              }
            ],
            "dedicated_vm_host_id": null,
            "defined_tags": {
              "Oracle-Tags.CreatedBy": "default/justingilberto@estudiantec.cr",
              "Oracle-Tags.CreatedOn": "2023-09-28T06:57:34.336Z"
            },
            "display_name": "vm01",
            "extended_metadata": {},
            "fault_domain": "FAULT-DOMAIN-2",
            "freeform_tags": {
              "Name": "vm01"
            },
            "hostname_label": "",
            "id": "ocid1.instance.oc1.iad.anuwcljsmu4gbzqck6tejbshiw3v6ljnrnm4ehja4zzwhq4gom6q2qgkpjfq",
            "image": "ocid1.image.oc1.iad.aaaaaaaae7mp462hcaowrv22imn253lubtx2e4r2gpg6gak6nxqidgnbo5oq",
            "instance_configuration_id": null,
            "instance_options": [
              {
                "are_legacy_imds_endpoints_disabled": false
              }
            ],
            "ipxe_script": null,
            "is_cross_numa_node": false,
            "is_pv_encryption_in_transit_enabled": null,
            "launch_mode": "PARAVIRTUALIZED",
            "launch_options": [
              {
                "boot_volume_type": "PARAVIRTUALIZED",
                "firmware": "UEFI_64",
                "is_consistent_volume_naming_enabled": true,
                "is_pv_encryption_in_transit_enabled": false,
                "network_type": "PARAVIRTUALIZED",
                "remote_data_volume_type": "PARAVIRTUALIZED"
              }
            ],
            "metadata": {
              "ssh_authorized_keys": "ssh-rsa AAAAB3NzaC1yc2EAAAADAQABAAABgQC93h5VVryfGTt307YdOr+LeN80L6/ecNMoxjWyT4UvnezaeNuw0wL5eniKxyzWR5okrHRMQfban8ePUbSBAn5PY/WMvmiFNkdKHEF3ouHGBh/ulA9oSRoTj4DDYIjnFrIzmGYMV3m/moHv6/7ulT3NeUmTjeyrVTz6HvZDuYNt2EiscRnymBADyvANvr37xeZcUanpR1c5ut7NI0hiGPhDF76HYIGded70GU48tKwZ3OGYaQ49Dq/n3xOAKujC9C0tmT5p9pjngOVNi8Fo0Xhz7MsjdrliRIoRWFNHlBP8AICinv6SxGaphC9yOEbvz3GmoktBk0XxCMBo7nkxWm6lw0gPriy22GVWHB4uxVr2TRwF3Yg+Atg3XXbgAiTuCiRr6feSfnO8MYgkYAEGcYlu2LsswL5CBg81FKA5VKUUoFyJZyUhSehDCqDCdAzjsYFvVRm1m5DzBtBq4YJ56SUOzFtFkazohzD8luZWk09nE8uKB+omPLRnhgnW60CxN2k= root@ubuntu-s-1vcpu-1gb-nyc3-01\r\n",
              "user_data": "H4sIAAAAAAAA/4xU0WobOxB9X9h/mLs3hFwus9o+hASXFNLED4E6gaQNlFKKVhqvhbWSkEapXfLxZeO4TmPj9ml3zjnMmdk90oV3TI7x4zLQCPps2QQZWfRmQfottD47LePyrJpcTcbvbz5dX57ffq6KocJ7isl4N4I3dVMWZYH4UlQWv3pH6dKUIo6d8tq4bgQnreEXgidzpgWLBaYZWZtUNIHLYmJ62vL59x/RGidamWZDKQNjRww5aMm0qXEJOXRR6t8x4xJLayGYsMEj9f6BYOC1V3OKtfF7WNRe7aOV74NPtFMSvO6lw5Vyp0J5x9I4inonHbPbZ76h1psqiYoim6lRkimBytFC53LoAJfb8ux+mPDErBHsoTk5PgbUIIiVkIHFnJbRuC6VxVM7nKa7DzBjDmkkhPbfnfVS188fU/leWOPyQuQ2O86iCx08AgwPRE0y9j4C+u324rlDF7qyULPea5D/xz/oSM08VJpa+CKjmp1VB0c6zAerEI1jHEDDpDhH+q+CZDpHGtvl2b62X/96O6gOjurViD5hJEsyERwewmqug/vx7d3VzfW3i5vL8fX5ZFwNM7BsLVXwCEy0WS/5HBWl2prEtV5PM1TwDoSmB+Gyta/PwM7fuo4mbd5QWfMibbXxa67NxuoFBps7416leo0OJitmiOQQDgxw2oyOm6YBRCd7guEs+6mVaQ6OIvnmVGyg7TsDsSx+BgAA//+S7KG6kgQAAA=="
            },
            "platform_config": [],
            "preemptible_instance_config": [],
            "preserve_boot_volume": false,
            "private_ip": "192.168.1.121",
            "public_ip": "150.136.96.31",
            "region": "iad",
            "shape": "VM.Standard3.Flex",
            "shape_config": [
              {
                "baseline_ocpu_utilization": "",
                "gpu_description": "",
                "gpus": 0,
                "local_disk_description": "",
                "local_disks": 0,
                "local_disks_total_size_in_gbs": 0,
                "max_vnic_attachments": 2,
                "memory_in_gbs": 4,
                "networking_bandwidth_in_gbps": 1,
                "nvmes": 0,
                "ocpus": 1,
                "processor_description": "2.6 GHz Intel® Xeon® Platinum 8358 (Ice Lake)",
                "vcpus": 2
              }
            ],
            "source_details": [
              {
                "boot_volume_size_in_gbs": "47",
                "boot_volume_vpus_per_gb": "10",
                "instance_source_image_filter_details": [],
                "kms_key_id": "",
                "source_id": "ocid1.image.oc1.iad.aaaaaaaae7mp462hcaowrv22imn253lubtx2e4r2gpg6gak6nxqidgnbo5oq",
                "source_type": "image"
              }
            ],
            "state": "RUNNING",
            "subnet_id": "ocid1.subnet.oc1.iad.aaaaaaaa6fvp3lm7bqqzbvf5523idmx2lefvqdctfk773hjlbwc6bb7wwexq",
            "system_tags": {},
            "time_created": "2023-09-28 06:57:34.795 +0000 UTC",
            "time_maintenance_reboot_due": "",
            "timeouts": null,
            "update_operation_constraint": null
          },
          "sensitive_attributes": [],
          "private": "eyJlMmJmYjczMC1lY2FhLTExZTYtOGY4OC0zNDM2M2JjN2M0YzAiOnsiY3JlYXRlIjoyNzAwMDAwMDAwMDAwLCJkZWxldGUiOjQ1MDAwMDAwMDAwMDAsInVwZGF0ZSI6MjcwMDAwMDAwMDAwMH19",
          "dependencies": [
            "data.cloudinit_config.vm01",
            "data.oci_identity_availability_domains.ads",
            "oci_core_subnet.public"
          ]
        }
      ]
    },
    {
      "mode": "managed",
      "type": "oci_core_internet_gateway",
      "name": "ig",
      "provider": "provider[\"registry.terraform.io/oracle/oci\"]",
      "instances": [
        {
          "schema_version": 0,
          "attributes": {
            "compartment_id": "ocid1.tenancy.oc1..aaaaaaaaazrw3t5sa6dacgzzh573u763zxazhcnve2ndfdgaebwgh6dxlptq",
            "defined_tags": {
              "Oracle-Tags.CreatedBy": "default/justingilberto@estudiantec.cr",
              "Oracle-Tags.CreatedOn": "2023-09-28T00:02:27.965Z"
            },
            "display_name": "ig",
            "enabled": true,
            "freeform_tags": {
              "Name": "ig"
            },
            "id": "ocid1.internetgateway.oc1.iad.aaaaaaaab4upxfjzqzdoitnbhzmrdykvai3pa25ovzd24vdjqwydnbuqll7a",
            "route_table_id": null,
            "state": "AVAILABLE",
            "time_created": "2023-09-28 00:02:28.021 +0000 UTC",
            "timeouts": null,
            "vcn_id": "ocid1.vcn.oc1.iad.amaaaaaamu4gbzqah7nyfic3hzoqisr2gnjpd6jmf334cpqbrrxl3ocd665a"
          },
          "sensitive_attributes": [],
          "private": "eyJlMmJmYjczMC1lY2FhLTExZTYtOGY4OC0zNDM2M2JjN2M0YzAiOnsiY3JlYXRlIjoxMjAwMDAwMDAwMDAwLCJkZWxldGUiOjEyMDAwMDAwMDAwMDAsInVwZGF0ZSI6MTIwMDAwMDAwMDAwMH19",
          "dependencies": [
            "oci_core_vcn.network"
          ]
        }
      ]
    },
    {
      "mode": "managed",
      "type": "oci_core_route_table",
      "name": "public_rt",
      "provider": "provider[\"registry.terraform.io/oracle/oci\"]",
      "instances": [
        {
          "schema_version": 0,
          "attributes": {
            "compartment_id": "ocid1.tenancy.oc1..aaaaaaaaazrw3t5sa6dacgzzh573u763zxazhcnve2ndfdgaebwgh6dxlptq",
            "defined_tags": {
              "Oracle-Tags.CreatedBy": "default/justingilberto@estudiantec.cr",
              "Oracle-Tags.CreatedOn": "2023-09-28T00:02:29.708Z"
            },
            "display_name": "public_rt",
            "freeform_tags": {
              "Name": "public_rt"
            },
            "id": "ocid1.routetable.oc1.iad.aaaaaaaa27zfwc7jjrsw2egfwkpmf2sghn65dkb35tbeeukbus6zoosfnc5a",
            "route_rules": [
              {
                "cidr_block": "",
                "description": "",
                "destination": "0.0.0.0/0",
                "destination_type": "CIDR_BLOCK",
                "network_entity_id": "ocid1.internetgateway.oc1.iad.aaaaaaaab4upxfjzqzdoitnbhzmrdykvai3pa25ovzd24vdjqwydnbuqll7a",
                "route_type": ""
              }
            ],
            "state": "AVAILABLE",
            "time_created": "2023-09-28 00:02:29.746 +0000 UTC",
            "timeouts": null,
            "vcn_id": "ocid1.vcn.oc1.iad.amaaaaaamu4gbzqah7nyfic3hzoqisr2gnjpd6jmf334cpqbrrxl3ocd665a"
          },
          "sensitive_attributes": [],
          "private": "eyJlMmJmYjczMC1lY2FhLTExZTYtOGY4OC0zNDM2M2JjN2M0YzAiOnsiY3JlYXRlIjoxMjAwMDAwMDAwMDAwLCJkZWxldGUiOjEyMDAwMDAwMDAwMDAsInVwZGF0ZSI6MTIwMDAwMDAwMDAwMH19",
          "dependencies": [
            "oci_core_internet_gateway.ig",
            "oci_core_vcn.network"
          ]
        }
      ]
    },
    {
      "mode": "managed",
      "type": "oci_core_route_table_attachment",
      "name": "public_rt_attachment",
      "provider": "provider[\"registry.terraform.io/oracle/oci\"]",
      "instances": [
        {
          "schema_version": 0,
          "attributes": {
            "id": "ocid1.subnet.oc1.iad.aaaaaaaa6fvp3lm7bqqzbvf5523idmx2lefvqdctfk773hjlbwc6bb7wwexq/ocid1.routetable.oc1.iad.aaaaaaaa27zfwc7jjrsw2egfwkpmf2sghn65dkb35tbeeukbus6zoosfnc5a",
            "route_table_id": "ocid1.routetable.oc1.iad.aaaaaaaa27zfwc7jjrsw2egfwkpmf2sghn65dkb35tbeeukbus6zoosfnc5a",
            "subnet_id": "ocid1.subnet.oc1.iad.aaaaaaaa6fvp3lm7bqqzbvf5523idmx2lefvqdctfk773hjlbwc6bb7wwexq",
            "timeouts": null
          },
          "sensitive_attributes": [],
          "private": "eyJlMmJmYjczMC1lY2FhLTExZTYtOGY4OC0zNDM2M2JjN2M0YzAiOnsiY3JlYXRlIjoxMjAwMDAwMDAwMDAwLCJkZWxldGUiOjEyMDAwMDAwMDAwMDAsInVwZGF0ZSI6MTIwMDAwMDAwMDAwMH19",
          "dependencies": [
            "oci_core_internet_gateway.ig",
            "oci_core_route_table.public_rt",
            "oci_core_security_list.security_list",
            "oci_core_subnet.public",
            "oci_core_vcn.network"
          ]
        }
      ]
    },
    {
      "mode": "managed",
      "type": "oci_core_security_list",
      "name": "security_list",
      "provider": "provider[\"registry.terraform.io/oracle/oci\"]",
      "instances": [
        {
          "schema_version": 0,
          "attributes": {
            "compartment_id": "ocid1.tenancy.oc1..aaaaaaaaazrw3t5sa6dacgzzh573u763zxazhcnve2ndfdgaebwgh6dxlptq",
            "defined_tags": {
              "Oracle-Tags.CreatedBy": "default/justingilberto@estudiantec.cr",
              "Oracle-Tags.CreatedOn": "2023-09-28T00:02:28.413Z"
            },
            "display_name": "security_list",
            "egress_security_rules": [
              {
                "description": "",
                "destination": "0.0.0.0/0",
                "destination_type": "CIDR_BLOCK",
                "icmp_options": [],
                "protocol": "all",
                "stateless": false,
                "tcp_options": [],
                "udp_options": []
              }
            ],
            "freeform_tags": {},
            "id": "ocid1.securitylist.oc1.iad.aaaaaaaab63xal7c7lj3filtojolv64hfoy2sok2r5qthrg3voo2jeh3wlia",
            "ingress_security_rules": [
              {
                "description": "",
                "icmp_options": [],
                "protocol": "6",
                "source": "0.0.0.0/0",
                "source_type": "CIDR_BLOCK",
                "stateless": false,
                "tcp_options": [
                  {
                    "max": 22,
                    "min": 22,
                    "source_port_range": []
                  }
                ],
                "udp_options": []
              },
              {
                "description": "",
                "icmp_options": [],
                "protocol": "6",
                "source": "0.0.0.0/0",
                "source_type": "CIDR_BLOCK",
                "stateless": false,
                "tcp_options": [
                  {
                    "max": 443,
                    "min": 443,
                    "source_port_range": []
                  }
                ],
                "udp_options": []
              },
              {
                "description": "",
                "icmp_options": [],
                "protocol": "6",
                "source": "0.0.0.0/0",
                "source_type": "CIDR_BLOCK",
                "stateless": false,
                "tcp_options": [
                  {
                    "max": 80,
                    "min": 80,
                    "source_port_range": []
                  }
                ],
                "udp_options": []
              }
            ],
            "state": "AVAILABLE",
            "time_created": "2023-09-28 00:02:28.472 +0000 UTC",
            "timeouts": null,
            "vcn_id": "ocid1.vcn.oc1.iad.amaaaaaamu4gbzqah7nyfic3hzoqisr2gnjpd6jmf334cpqbrrxl3ocd665a"
          },
          "sensitive_attributes": [],
          "private": "eyJlMmJmYjczMC1lY2FhLTExZTYtOGY4OC0zNDM2M2JjN2M0YzAiOnsiY3JlYXRlIjoxMjAwMDAwMDAwMDAwLCJkZWxldGUiOjEyMDAwMDAwMDAwMDAsInVwZGF0ZSI6MTIwMDAwMDAwMDAwMH19",
          "dependencies": [
            "oci_core_vcn.network"
          ]
        }
      ]
    },
    {
      "mode": "managed",
      "type": "oci_core_subnet",
      "name": "public",
      "provider": "provider[\"registry.terraform.io/oracle/oci\"]",
      "instances": [
        {
          "schema_version": 0,
          "attributes": {
            "availability_domain": null,
            "cidr_block": "192.168.1.0/24",
            "compartment_id": "ocid1.tenancy.oc1..aaaaaaaaazrw3t5sa6dacgzzh573u763zxazhcnve2ndfdgaebwgh6dxlptq",
            "defined_tags": {
              "Oracle-Tags.CreatedBy": "default/justingilberto@estudiantec.cr",
              "Oracle-Tags.CreatedOn": "2023-09-28T00:02:30.672Z"
            },
            "dhcp_options_id": "ocid1.dhcpoptions.oc1.iad.aaaaaaaa77hvqw3vtqpjbqq3fzuz4jxbwdw24m463gnoubhncjftwlfi5c7q",
            "display_name": "public",
            "dns_label": null,
            "freeform_tags": {
              "Name": "public"
            },
            "id": "ocid1.subnet.oc1.iad.aaaaaaaa6fvp3lm7bqqzbvf5523idmx2lefvqdctfk773hjlbwc6bb7wwexq",
            "ipv6cidr_block": null,
            "ipv6cidr_blocks": [],
            "ipv6virtual_router_ip": null,
            "prohibit_internet_ingress": false,
            "prohibit_public_ip_on_vnic": false,
            "route_table_id": "ocid1.routetable.oc1.iad.aaaaaaaa27zfwc7jjrsw2egfwkpmf2sghn65dkb35tbeeukbus6zoosfnc5a",
            "security_list_ids": [
              "ocid1.securitylist.oc1.iad.aaaaaaaab63xal7c7lj3filtojolv64hfoy2sok2r5qthrg3voo2jeh3wlia"
            ],
            "state": "AVAILABLE",
            "subnet_domain_name": null,
            "time_created": "2023-09-28 00:02:30.746 +0000 UTC",
            "timeouts": null,
            "vcn_id": "ocid1.vcn.oc1.iad.amaaaaaamu4gbzqah7nyfic3hzoqisr2gnjpd6jmf334cpqbrrxl3ocd665a",
            "virtual_router_ip": "192.168.1.1",
            "virtual_router_mac": "00:00:17:DE:38:D5"
          },
          "sensitive_attributes": [],
          "private": "eyJlMmJmYjczMC1lY2FhLTExZTYtOGY4OC0zNDM2M2JjN2M0YzAiOnsiY3JlYXRlIjoxMjAwMDAwMDAwMDAwLCJkZWxldGUiOjEyMDAwMDAwMDAwMDAsInVwZGF0ZSI6MTIwMDAwMDAwMDAwMH19",
          "dependencies": [
            "oci_core_internet_gateway.ig",
            "oci_core_route_table.public_rt",
            "oci_core_security_list.security_list",
            "oci_core_vcn.network"
          ]
        }
      ]
    },
    {
      "mode": "managed",
      "type": "oci_core_vcn",
      "name": "network",
      "provider": "provider[\"registry.terraform.io/oracle/oci\"]",
      "instances": [
        {
          "schema_version": 0,
          "attributes": {
            "byoipv6cidr_blocks": [],
            "byoipv6cidr_details": [],
            "cidr_block": "192.168.0.0/16",
            "cidr_blocks": [
              "192.168.0.0/16"
            ],
            "compartment_id": "ocid1.tenancy.oc1..aaaaaaaaazrw3t5sa6dacgzzh573u763zxazhcnve2ndfdgaebwgh6dxlptq",
            "default_dhcp_options_id": "ocid1.dhcpoptions.oc1.iad.aaaaaaaa77hvqw3vtqpjbqq3fzuz4jxbwdw24m463gnoubhncjftwlfi5c7q",
            "default_route_table_id": "ocid1.routetable.oc1.iad.aaaaaaaamwzoel52vpprvr7enwkive3byrb7nn74ibp5ssj6mtjzvfnjqrtq",
            "default_security_list_id": "ocid1.securitylist.oc1.iad.aaaaaaaavex6tojdkiu6mgkpwh2bgjuudf7augfec4o3kgzlrond65xnxzfa",
            "defined_tags": {
              "Oracle-Tags.CreatedBy": "default/justingilberto@estudiantec.cr",
              "Oracle-Tags.CreatedOn": "2023-09-28T00:02:26.216Z"
            },
            "display_name": "network",
            "dns_label": null,
            "freeform_tags": {
              "Name": "tec"
            },
            "id": "ocid1.vcn.oc1.iad.amaaaaaamu4gbzqah7nyfic3hzoqisr2gnjpd6jmf334cpqbrrxl3ocd665a",
            "ipv6cidr_blocks": [],
            "ipv6private_cidr_blocks": [],
            "is_ipv6enabled": false,
            "is_oracle_gua_allocation_enabled": null,
            "state": "AVAILABLE",
            "time_created": "2023-09-28 00:02:26.365 +0000 UTC",
            "timeouts": null,
            "vcn_domain_name": null
          },
          "sensitive_attributes": [],
          "private": "eyJlMmJmYjczMC1lY2FhLTExZTYtOGY4OC0zNDM2M2JjN2M0YzAiOnsiY3JlYXRlIjoxMjAwMDAwMDAwMDAwLCJkZWxldGUiOjEyMDAwMDAwMDAwMDAsInVwZGF0ZSI6MTIwMDAwMDAwMDAwMH19"
        }
      ]
    },
    {
      "mode": "managed",
      "type": "oci_database_autonomous_database",
      "name": "autonomous_database",
      "provider": "provider[\"registry.terraform.io/oracle/oci\"]",
      "instances": [
        {
          "schema_version": 0,
          "attributes": {
            "actual_used_data_storage_size_in_tbs": 0,
            "admin_password": "thisiswrongNereo08",
            "allocated_storage_size_in_tbs": 0,
            "apex_details": [
              {
                "apex_version": "",
                "ords_version": "23.2.3.242.1937"
              }
            ],
            "are_primary_whitelisted_ips_used": null,
            "autonomous_container_database_id": null,
            "autonomous_database_backup_id": null,
            "autonomous_database_id": null,
            "autonomous_maintenance_schedule_type": "REGULAR",
            "available_upgrade_versions": [],
            "backup_config": [
              {
                "manual_backup_bucket_name": "",
                "manual_backup_type": "NONE"
              }
            ],
            "backup_retention_period_in_days": 60,
            "character_set": "AL32UTF8",
            "clone_type": null,
            "compartment_id": "ocid1.tenancy.oc1..aaaaaaaaazrw3t5sa6dacgzzh573u763zxazhcnve2ndfdgaebwgh6dxlptq",
            "compute_count": 1,
            "compute_model": "ECPU",
            "connection_strings": [
              {
                "all_connection_strings": {
                  "HIGH": "adb.us-ashburn-1.oraclecloud.com:1522/g25fe25c70e5806_ic4302_high.adb.oraclecloud.com",
                  "LOW": "adb.us-ashburn-1.oraclecloud.com:1522/g25fe25c70e5806_ic4302_low.adb.oraclecloud.com",
                  "MEDIUM": "adb.us-ashburn-1.oraclecloud.com:1522/g25fe25c70e5806_ic4302_medium.adb.oraclecloud.com",
                  "TP": "adb.us-ashburn-1.oraclecloud.com:1522/g25fe25c70e5806_ic4302_tp.adb.oraclecloud.com",
                  "TPURGENT": "adb.us-ashburn-1.oraclecloud.com:1522/g25fe25c70e5806_ic4302_tpurgent.adb.oraclecloud.com"
                },
                "dedicated": "",
                "high": "adb.us-ashburn-1.oraclecloud.com:1522/g25fe25c70e5806_ic4302_high.adb.oraclecloud.com",
                "low": "adb.us-ashburn-1.oraclecloud.com:1522/g25fe25c70e5806_ic4302_low.adb.oraclecloud.com",
                "medium": "adb.us-ashburn-1.oraclecloud.com:1522/g25fe25c70e5806_ic4302_medium.adb.oraclecloud.com",
                "profiles": [
                  {
                    "consumer_group": "HIGH",
                    "display_name": "ic4302_high",
                    "host_format": "FQDN",
                    "protocol": "TCPS",
                    "session_mode": "DIRECT",
                    "syntax_format": "LONG",
                    "tls_authentication": "SERVER",
                    "value": "(description= (retry_count=20)(retry_delay=3)(address=(protocol=tcps)(port=1521)(host=adb.us-ashburn-1.oraclecloud.com))(connect_data=(service_name=g25fe25c70e5806_ic4302_high.adb.oraclecloud.com))(security=(ssl_server_dn_match=yes)))"
                  },
                  {
                    "consumer_group": "LOW",
                    "display_name": "ic4302_low",
                    "host_format": "FQDN",
                    "protocol": "TCPS",
                    "session_mode": "DIRECT",
                    "syntax_format": "LONG",
                    "tls_authentication": "SERVER",
                    "value": "(description= (retry_count=20)(retry_delay=3)(address=(protocol=tcps)(port=1521)(host=adb.us-ashburn-1.oraclecloud.com))(connect_data=(service_name=g25fe25c70e5806_ic4302_low.adb.oraclecloud.com))(security=(ssl_server_dn_match=yes)))"
                  },
                  {
                    "consumer_group": "MEDIUM",
                    "display_name": "ic4302_medium",
                    "host_format": "FQDN",
                    "protocol": "TCPS",
                    "session_mode": "DIRECT",
                    "syntax_format": "LONG",
                    "tls_authentication": "SERVER",
                    "value": "(description= (retry_count=20)(retry_delay=3)(address=(protocol=tcps)(port=1521)(host=adb.us-ashburn-1.oraclecloud.com))(connect_data=(service_name=g25fe25c70e5806_ic4302_medium.adb.oraclecloud.com))(security=(ssl_server_dn_match=yes)))"
                  },
                  {
                    "consumer_group": "TP",
                    "display_name": "ic4302_tp",
                    "host_format": "FQDN",
                    "protocol": "TCPS",
                    "session_mode": "DIRECT",
                    "syntax_format": "LONG",
                    "tls_authentication": "SERVER",
                    "value": "(description= (retry_count=20)(retry_delay=3)(address=(protocol=tcps)(port=1521)(host=adb.us-ashburn-1.oraclecloud.com))(connect_data=(service_name=g25fe25c70e5806_ic4302_tp.adb.oraclecloud.com))(security=(ssl_server_dn_match=yes)))"
                  },
                  {
                    "consumer_group": "TPURGENT",
                    "display_name": "ic4302_tpurgent",
                    "host_format": "FQDN",
                    "protocol": "TCPS",
                    "session_mode": "DIRECT",
                    "syntax_format": "LONG",
                    "tls_authentication": "SERVER",
                    "value": "(description= (retry_count=20)(retry_delay=3)(address=(protocol=tcps)(port=1521)(host=adb.us-ashburn-1.oraclecloud.com))(connect_data=(service_name=g25fe25c70e5806_ic4302_tpurgent.adb.oraclecloud.com))(security=(ssl_server_dn_match=yes)))"
                  },
                  {
                    "consumer_group": "HIGH",
                    "display_name": "ic4302_high",
                    "host_format": "FQDN",
                    "protocol": "TCPS",
                    "session_mode": "DIRECT",
                    "syntax_format": "LONG",
                    "tls_authentication": "MUTUAL",
                    "value": "(description= (retry_count=20)(retry_delay=3)(address=(protocol=tcps)(port=1522)(host=adb.us-ashburn-1.oraclecloud.com))(connect_data=(service_name=g25fe25c70e5806_ic4302_high.adb.oraclecloud.com))(security=(ssl_server_dn_match=yes)))"
                  },
                  {
                    "consumer_group": "LOW",
                    "display_name": "ic4302_low",
                    "host_format": "FQDN",
                    "protocol": "TCPS",
                    "session_mode": "DIRECT",
                    "syntax_format": "LONG",
                    "tls_authentication": "MUTUAL",
                    "value": "(description= (retry_count=20)(retry_delay=3)(address=(protocol=tcps)(port=1522)(host=adb.us-ashburn-1.oraclecloud.com))(connect_data=(service_name=g25fe25c70e5806_ic4302_low.adb.oraclecloud.com))(security=(ssl_server_dn_match=yes)))"
                  },
                  {
                    "consumer_group": "MEDIUM",
                    "display_name": "ic4302_medium",
                    "host_format": "FQDN",
                    "protocol": "TCPS",
                    "session_mode": "DIRECT",
                    "syntax_format": "LONG",
                    "tls_authentication": "MUTUAL",
                    "value": "(description= (retry_count=20)(retry_delay=3)(address=(protocol=tcps)(port=1522)(host=adb.us-ashburn-1.oraclecloud.com))(connect_data=(service_name=g25fe25c70e5806_ic4302_medium.adb.oraclecloud.com))(security=(ssl_server_dn_match=yes)))"
                  },
                  {
                    "consumer_group": "TP",
                    "display_name": "ic4302_tp",
                    "host_format": "FQDN",
                    "protocol": "TCPS",
                    "session_mode": "DIRECT",
                    "syntax_format": "LONG",
                    "tls_authentication": "MUTUAL",
                    "value": "(description= (retry_count=20)(retry_delay=3)(address=(protocol=tcps)(port=1522)(host=adb.us-ashburn-1.oraclecloud.com))(connect_data=(service_name=g25fe25c70e5806_ic4302_tp.adb.oraclecloud.com))(security=(ssl_server_dn_match=yes)))"
                  },
                  {
                    "consumer_group": "TPURGENT",
                    "display_name": "ic4302_tpurgent",
                    "host_format": "FQDN",
                    "protocol": "TCPS",
                    "session_mode": "DIRECT",
                    "syntax_format": "LONG",
                    "tls_authentication": "MUTUAL",
                    "value": "(description= (retry_count=20)(retry_delay=3)(address=(protocol=tcps)(port=1522)(host=adb.us-ashburn-1.oraclecloud.com))(connect_data=(service_name=g25fe25c70e5806_ic4302_tpurgent.adb.oraclecloud.com))(security=(ssl_server_dn_match=yes)))"
                  }
                ]
              }
            ],
            "connection_urls": [
              {
                "apex_url": "https://G25FE25C70E5806-IC4302.adb.us-ashburn-1.oraclecloudapps.com/ords/apex",
                "graph_studio_url": "https://G25FE25C70E5806-IC4302.adb.us-ashburn-1.oraclecloudapps.com/graphstudio/",
                "machine_learning_user_management_url": "https://G25FE25C70E5806-IC4302.adb.us-ashburn-1.oraclecloudapps.com/omlusers/",
                "sql_dev_web_url": "https://G25FE25C70E5806-IC4302.adb.us-ashburn-1.oraclecloudapps.com/ords/sql-developer"
              }
            ],
            "cpu_core_count": 0,
            "customer_contacts": [],
            "data_safe_status": "NOT_REGISTERED",
            "data_storage_size_in_gb": 20,
            "data_storage_size_in_tbs": null,
            "database_edition": "",
            "database_management_status": "",
            "dataguard_region_type": "",
            "db_name": "ic4302",
            "db_version": "19c",
            "db_workload": "OLTP",
            "defined_tags": {
              "Oracle-Tags.CreatedBy": "default/justingilberto@estudiantec.cr",
              "Oracle-Tags.CreatedOn": "2023-09-28T06:58:01.716Z"
            },
            "disaster_recovery_region_type": "",
            "display_name": "H7VTVTDZFLQM7VWH",
            "failed_data_recovery_in_seconds": null,
            "freeform_tags": {},
            "id": "ocid1.autonomousdatabase.oc1.iad.anuwcljsmu4gbzqaexfuisqxbvm5ryycceigsnvq6fy46jwdnc6xbu63m43a",
            "in_memory_area_in_gbs": null,
            "in_memory_percentage": null,
            "infrastructure_type": "",
            "is_access_control_enabled": null,
            "is_auto_scaling_enabled": false,
            "is_auto_scaling_for_storage_enabled": false,
            "is_data_guard_enabled": false,
            "is_dedicated": false,
            "is_free_tier": true,
            "is_local_data_guard_enabled": false,
            "is_mtls_connection_required": false,
            "is_preview": false,
            "is_preview_version_with_service_terms_accepted": null,
            "is_reconnect_clone_enabled": null,
            "is_refreshable_clone": null,
            "is_remote_data_guard_enabled": false,
            "is_shrink_only": null,
            "key_history_entry": [
              {
                "id": "ORACLE_MANAGED_KEY",
                "kms_key_version_id": "",
                "time_activated": "2023-09-28 06:59:05.04 +0000 UTC",
                "vault_id": ""
              }
            ],
            "key_store_id": null,
            "key_store_wallet_name": null,
            "kms_key_id": "ORACLE_MANAGED_KEY",
            "kms_key_lifecycle_details": null,
            "kms_key_version_id": null,
            "license_model": "LICENSE_INCLUDED",
            "lifecycle_details": null,
            "local_adg_auto_failover_max_data_loss_limit": null,
            "local_disaster_recovery_type": "",
            "local_standby_db": [],
            "long_term_backup_schedule": [],
            "max_cpu_core_count": null,
            "memory_per_oracle_compute_unit_in_gbs": null,
            "ncharacter_set": "AL16UTF16",
            "next_long_term_backup_time_stamp": null,
            "nsg_ids": [],
            "ocpu_count": null,
            "open_mode": "READ_WRITE",
            "operations_insights_status": "NOT_ENABLED",
            "peer_db_ids": [],
            "permission_level": "UNRESTRICTED",
            "private_endpoint": null,
            "private_endpoint_ip": null,
            "private_endpoint_label": null,
            "provisionable_cpus": [],
            "refreshable_mode": null,
            "refreshable_status": "",
            "remote_disaster_recovery_configuration": [],
            "remote_disaster_recovery_type": null,
            "role": "",
            "rotate_key_trigger": null,
            "scheduled_operations": [],
            "secret_id": null,
            "secret_version_number": null,
            "service_console_url": null,
            "source": null,
            "source_id": null,
            "standby_db": [],
            "standby_whitelisted_ips": [],
            "state": "AVAILABLE",
            "subnet_id": null,
            "supported_regions_to_clone_to": [
              "GRU",
              "AMS",
              "LHR",
              "PHX",
              "SJC",
              "SCL",
              "QRO",
              "ORD"
            ],
            "switchover_to": null,
            "switchover_to_remote_peer_id": null,
            "system_tags": {
              "orcl-cloud.free-tier-retained": "true"
            },
            "time_created": "2023-09-28 06:58:01.746 +0000 UTC",
            "time_data_guard_role_changed": null,
            "time_deletion_of_free_autonomous_database": null,
            "time_disaster_recovery_role_changed": null,
            "time_local_data_guard_enabled": null,
            "time_maintenance_begin": "2023-09-30 20:00:00 +0000 UTC",
            "time_maintenance_end": "2023-09-30 22:00:00 +0000 UTC",
            "time_of_last_failover": null,
            "time_of_last_refresh": null,
            "time_of_last_refresh_point": null,
            "time_of_last_switchover": null,
            "time_of_next_refresh": null,
            "time_reclamation_of_free_autonomous_database": null,
            "time_until_reconnect_clone_enabled": null,
            "timeouts": null,
            "timestamp": null,
            "total_backup_storage_size_in_gbs": null,
            "use_latest_available_backup_time_stamp": null,
            "used_data_storage_size_in_gbs": null,
            "used_data_storage_size_in_tbs": null,
            "vault_id": null,
            "whitelisted_ips": [
              "150.136.96.31"
            ]
          },
          "sensitive_attributes": [],
          "private": "eyJlMmJmYjczMC1lY2FhLTExZTYtOGY4OC0zNDM2M2JjN2M0YzAiOnsiY3JlYXRlIjo0MzIwMDAwMDAwMDAwMCwiZGVsZXRlIjo0MzIwMDAwMDAwMDAwMCwidXBkYXRlIjo0MzIwMDAwMDAwMDAwMH19",
          "dependencies": [
            "data.cloudinit_config.vm01",
            "data.oci_identity_availability_domains.ads",
            "oci_core_instance.vm01",
            "oci_core_subnet.public"
          ]
        }
      ]
    },
    {
      "mode": "managed",
      "type": "oci_nosql_table",
      "name": "logs_table",
      "provider": "provider[\"registry.terraform.io/oracle/oci\"]",
      "instances": [
        {
          "schema_version": 0,
          "attributes": {
            "compartment_id": "ocid1.tenancy.oc1..aaaaaaaaazrw3t5sa6dacgzzh573u763zxazhcnve2ndfdgaebwgh6dxlptq",
            "ddl_statement": "CREATE TABLE IF NOT EXISTS ic4302_logs(logId STRING, title STRING, bagInfo JSON, timeStamp TIMESTAMP(3), PRIMARY KEY(SHARD(logId)))",
            "defined_tags": {
              "Oracle-Tags.CreatedBy": "default/justingilberto@estudiantec.cr",
              "Oracle-Tags.CreatedOn": "2023-09-28T06:35:59.419Z"
            },
            "freeform_tags": {},
            "id": "ocid1.nosqltable.oc1.iad.amaaaaaamu4gbzqaqqh6dggc3ui6tnpqip4lrenmjhxa76svnyjktjwr6nkq",
            "is_auto_reclaimable": false,
            "lifecycle_details": "The resource is ACTIVE",
            "name": "ic4302_logs",
            "schema": [
              {
                "columns": [
                  {
                    "default_value": "",
                    "is_as_uuid": false,
                    "is_generated": false,
                    "is_nullable": false,
                    "name": "logId",
                    "type": "STRING"
                  },
                  {
                    "default_value": "",
                    "is_as_uuid": false,
                    "is_generated": false,
                    "is_nullable": true,
                    "name": "title",
                    "type": "STRING"
                  },
                  {
                    "default_value": "",
                    "is_as_uuid": false,
                    "is_generated": false,
                    "is_nullable": true,
                    "name": "bagInfo",
                    "type": "JSON"
                  },
                  {
                    "default_value": "",
                    "is_as_uuid": false,
                    "is_generated": false,
                    "is_nullable": true,
                    "name": "timeStamp",
                    "type": "TIMESTAMP(3)"
                  }
                ],
                "identity": [],
                "primary_key": [
                  "logId"
                ],
                "shard_key": [
                  "logId"
                ],
                "ttl": 0
              }
            ],
            "state": "ACTIVE",
            "system_tags": {},
            "table_limits": [
              {
                "capacity_mode": "PROVISIONED",
                "max_read_units": 1,
                "max_storage_in_gbs": 1,
                "max_write_units": 1
              }
            ],
            "time_created": "2023-09-28 06:36:01.91 +0000 UTC",
            "time_of_expiration": null,
            "time_updated": "2023-09-28 06:36:04.545 +0000 UTC",
            "timeouts": null
          },
          "sensitive_attributes": [],
          "private": "eyJlMmJmYjczMC1lY2FhLTExZTYtOGY4OC0zNDM2M2JjN2M0YzAiOnsiY3JlYXRlIjoxMjAwMDAwMDAwMDAwLCJkZWxldGUiOjEyMDAwMDAwMDAwMDAsInVwZGF0ZSI6MTIwMDAwMDAwMDAwMH19"
        }
      ]
    },
    {
      "mode": "managed",
      "type": "oci_objectstorage_bucket",
      "name": "bucket",
      "provider": "provider[\"registry.terraform.io/oracle/oci\"]",
      "instances": [
        {
          "schema_version": 0,
          "attributes": {
            "access_type": "NoPublicAccess",
            "approximate_count": "0",
            "approximate_size": "0",
            "auto_tiering": "Disabled",
            "bucket_id": "ocid1.bucket.oc1.iad.aaaaaaaa3awwlmwld3t3cv24t2z5q64al2aqbsxv4jjzseemjcsvvw2czyia",
            "compartment_id": "ocid1.tenancy.oc1..aaaaaaaaazrw3t5sa6dacgzzh573u763zxazhcnve2ndfdgaebwgh6dxlptq",
            "created_by": "ocid1.user.oc1..aaaaaaaashik7hmu6usm4tpruwrubbs6h6e5lyix6lcu67odiuc7vbfcvotq",
            "defined_tags": {
              "Oracle-Tags.CreatedBy": "default/justingilberto@estudiantec.cr",
              "Oracle-Tags.CreatedOn": "2023-09-28T06:57:33.984Z"
            },
            "etag": "eebcbda6-607c-4a65-a2c4-5bbb992ba054",
            "freeform_tags": {},
            "id": "n/idv0qk3j0dt6/b/ic4302",
            "is_read_only": false,
            "kms_key_id": null,
            "metadata": null,
            "name": "ic4302",
            "namespace": "idv0qk3j0dt6",
            "object_events_enabled": false,
            "object_lifecycle_policy_etag": null,
            "replication_enabled": false,
            "retention_rules": [],
            "storage_tier": "Standard",
            "time_created": "2023-09-28 06:57:33.998 +0000 UTC",
            "timeouts": null,
            "versioning": "Disabled"
          },
          "sensitive_attributes": [],
          "private": "eyJlMmJmYjczMC1lY2FhLTExZTYtOGY4OC0zNDM2M2JjN2M0YzAiOnsiY3JlYXRlIjoxMjAwMDAwMDAwMDAwLCJkZWxldGUiOjEyMDAwMDAwMDAwMDAsInVwZGF0ZSI6MTIwMDAwMDAwMDAwMH19",
          "dependencies": [
            "data.oci_objectstorage_namespace.namespace"
          ]
        }
      ]
    }
  ],
  "check_results": null
}
